
Microsoft Visual Studio Solution File, Format Version 12.00
# Visual Studio 14
VisualStudioVersion = 14.0.25123.0
MinimumVisualStudioVersion = 10.0.40219.1
Project("{FAE04EC0-301F-11D3-BF4B-00C04F79EFBC}") = "MHTemperature", "MHTemperature\MHTemperature.csproj", "{5A1AD107-5B17-443B-8EE9-7E646201A855}"
EndProject
Project("{FAE04EC0-301F-11D3-BF4B-00C04F79EFBC}") = "MHTemperature.ConsoleHost", "MHTemperature.Console\MHTemperature.ConsoleHost.csproj", "{CA42733C-7BCB-4BCD-B366-9E57CA6CB179}"
EndProject
Project("{FAE04EC0-301F-11D3-BF4B-00C04F79EFBC}") = "MHTemperature.Tests", "MHTemperature.Tests\MHTemperature.Tests.csproj", "{708336C8-A656-4512-A5F2-C3395FFE75C4}"
EndProject
Project("{FAE04EC0-301F-11D3-BF4B-00C04F79EFBC}") = "MHTemperature.MacAgent", "MHTemperature.MacAgent\MHTemperature.MacAgent.csproj", "{3593BC52-5AA6-4FC8-A3A5-D1DF5DF1E206}"
EndProject
Project("{2150E333-8FDC-42A3-9474-1A3956D46DE8}") = "Apps", "Apps", "{29FAFB2C-2AF8-4622-BBA9-54BA86EDDA46}"
EndProject
Project("{FAE04EC0-301F-11D3-BF4B-00C04F79EFBC}") = "MHTemperature.Service", "MHTemperature.Service\MHTemperature.Service.csproj", "{0AF9AAF1-C80C-4F00-A3E9-BE67F805B8D9}"
EndProject
Project("{FAE04EC0-301F-11D3-BF4B-00C04F79EFBC}") = "MHTemperature.Service.Tests", "MHTemperature.Service.Tests\MHTemperature.Service.Tests.csproj", "{278FF2CB-2798-4637-9ED1-98C433709396}"
EndProject
Project("{2150E333-8FDC-42A3-9474-1A3956D46DE8}") = "Solution Items", "Solution Items", "{4805FA11-6980-48C7-BCEB-7D703A80F593}"
	ProjectSection(SolutionItems) = preProject
		Android-App.png = Android-App.png
		README.md = README.md
	EndProjectSection
EndProject
Project("{2150E333-8FDC-42A3-9474-1A3956D46DE8}") = "Dependencies", "Dependencies", "{9F907EB9-3696-4C5A-9A3D-935FFCF3B60A}"
EndProject
Project("{FAE04EC0-301F-11D3-BF4B-00C04F79EFBC}") = "DWD.Crawler", "Dependencies\DWD\DWD.Crawler\DWD.Crawler.csproj", "{C4D086AC-21ED-433C-8764-F8E78E74408D}"
EndProject
Global
	GlobalSection(SolutionConfigurationPlatforms) = preSolution
		Ad-Hoc|Any CPU = Ad-Hoc|Any CPU
		Ad-Hoc|iPhone = Ad-Hoc|iPhone
		Ad-Hoc|iPhoneSimulator = Ad-Hoc|iPhoneSimulator
		Ad-Hoc|Mixed Platforms = Ad-Hoc|Mixed Platforms
		Ad-Hoc|x86 = Ad-Hoc|x86
		AppStore|Any CPU = AppStore|Any CPU
		AppStore|iPhone = AppStore|iPhone
		AppStore|iPhoneSimulator = AppStore|iPhoneSimulator
		AppStore|Mixed Platforms = AppStore|Mixed Platforms
		AppStore|x86 = AppStore|x86
		Debug|Any CPU = Debug|Any CPU
		Debug|iPhone = Debug|iPhone
		Debug|iPhoneSimulator = Debug|iPhoneSimulator
		Debug|Mixed Platforms = Debug|Mixed Platforms
		Debug|x86 = Debug|x86
		Release|Any CPU = Release|Any CPU
		Release|iPhone = Release|iPhone
		Release|iPhoneSimulator = Release|iPhoneSimulator
		Release|Mixed Platforms = Release|Mixed Platforms
		Release|x86 = Release|x86
	EndGlobalSection
	GlobalSection(ProjectConfigurationPlatforms) = postSolution
		{5A1AD107-5B17-443B-8EE9-7E646201A855}.Ad-Hoc|Any CPU.ActiveCfg = Release|Any CPU
		{5A1AD107-5B17-443B-8EE9-7E646201A855}.Ad-Hoc|Any CPU.Build.0 = Release|Any CPU
		{5A1AD107-5B17-443B-8EE9-7E646201A855}.Ad-Hoc|iPhone.ActiveCfg = Release|Any CPU
		{5A1AD107-5B17-443B-8EE9-7E646201A855}.Ad-Hoc|iPhone.Build.0 = Release|Any CPU
		{5A1AD107-5B17-443B-8EE9-7E646201A855}.Ad-Hoc|iPhoneSimulator.ActiveCfg = Release|Any CPU
		{5A1AD107-5B17-443B-8EE9-7E646201A855}.Ad-Hoc|iPhoneSimulator.Build.0 = Release|Any CPU
		{5A1AD107-5B17-443B-8EE9-7E646201A855}.Ad-Hoc|Mixed Platforms.ActiveCfg = Release|x86
		{5A1AD107-5B17-443B-8EE9-7E646201A855}.Ad-Hoc|Mixed Platforms.Build.0 = Release|x86
		{5A1AD107-5B17-443B-8EE9-7E646201A855}.Ad-Hoc|x86.ActiveCfg = Release|x86
		{5A1AD107-5B17-443B-8EE9-7E646201A855}.Ad-Hoc|x86.Build.0 = Release|x86
		{5A1AD107-5B17-443B-8EE9-7E646201A855}.AppStore|Any CPU.ActiveCfg = Debug|x86
		{5A1AD107-5B17-443B-8EE9-7E646201A855}.AppStore|Any CPU.Build.0 = Debug|x86
		{5A1AD107-5B17-443B-8EE9-7E646201A855}.AppStore|iPhone.ActiveCfg = Release|Any CPU
		{5A1AD107-5B17-443B-8EE9-7E646201A855}.AppStore|iPhone.Build.0 = Release|Any CPU
		{5A1AD107-5B17-443B-8EE9-7E646201A855}.AppStore|iPhoneSimulator.ActiveCfg = Release|Any CPU
		{5A1AD107-5B17-443B-8EE9-7E646201A855}.AppStore|iPhoneSimulator.Build.0 = Release|Any CPU
		{5A1AD107-5B17-443B-8EE9-7E646201A855}.AppStore|Mixed Platforms.ActiveCfg = Release|x86
		{5A1AD107-5B17-443B-8EE9-7E646201A855}.AppStore|Mixed Platforms.Build.0 = Release|x86
		{5A1AD107-5B17-443B-8EE9-7E646201A855}.AppStore|x86.ActiveCfg = Release|x86
		{5A1AD107-5B17-443B-8EE9-7E646201A855}.AppStore|x86.Build.0 = Release|x86
		{5A1AD107-5B17-443B-8EE9-7E646201A855}.Debug|Any CPU.ActiveCfg = Debug|Any CPU
		{5A1AD107-5B17-443B-8EE9-7E646201A855}.Debug|Any CPU.Build.0 = Debug|Any CPU
		{5A1AD107-5B17-443B-8EE9-7E646201A855}.Debug|iPhone.ActiveCfg = Debug|Any CPU
		{5A1AD107-5B17-443B-8EE9-7E646201A855}.Debug|iPhone.Build.0 = Debug|Any CPU
		{5A1AD107-5B17-443B-8EE9-7E646201A855}.Debug|iPhoneSimulator.ActiveCfg = Debug|Any CPU
		{5A1AD107-5B17-443B-8EE9-7E646201A855}.Debug|iPhoneSimulator.Build.0 = Debug|Any CPU
		{5A1AD107-5B17-443B-8EE9-7E646201A855}.Debug|Mixed Platforms.ActiveCfg = Debug|Any CPU
		{5A1AD107-5B17-443B-8EE9-7E646201A855}.Debug|Mixed Platforms.Build.0 = Debug|Any CPU
		{5A1AD107-5B17-443B-8EE9-7E646201A855}.Debug|x86.ActiveCfg = Debug|x86
		{5A1AD107-5B17-443B-8EE9-7E646201A855}.Debug|x86.Build.0 = Debug|x86
		{5A1AD107-5B17-443B-8EE9-7E646201A855}.Release|Any CPU.ActiveCfg = Release|Any CPU
		{5A1AD107-5B17-443B-8EE9-7E646201A855}.Release|Any CPU.Build.0 = Release|Any CPU
		{5A1AD107-5B17-443B-8EE9-7E646201A855}.Release|iPhone.ActiveCfg = Release|Any CPU
		{5A1AD107-5B17-443B-8EE9-7E646201A855}.Release|iPhone.Build.0 = Release|Any CPU
		{5A1AD107-5B17-443B-8EE9-7E646201A855}.Release|iPhoneSimulator.ActiveCfg = Release|Any CPU
		{5A1AD107-5B17-443B-8EE9-7E646201A855}.Release|iPhoneSimulator.Build.0 = Release|Any CPU
		{5A1AD107-5B17-443B-8EE9-7E646201A855}.Release|Mixed Platforms.ActiveCfg = Release|x86
		{5A1AD107-5B17-443B-8EE9-7E646201A855}.Release|Mixed Platforms.Build.0 = Release|x86
		{5A1AD107-5B17-443B-8EE9-7E646201A855}.Release|x86.ActiveCfg = Release|x86
		{5A1AD107-5B17-443B-8EE9-7E646201A855}.Release|x86.Build.0 = Release|x86
		{CA42733C-7BCB-4BCD-B366-9E57CA6CB179}.Ad-Hoc|Any CPU.ActiveCfg = Release|Any CPU
		{CA42733C-7BCB-4BCD-B366-9E57CA6CB179}.Ad-Hoc|Any CPU.Build.0 = Release|Any CPU
		{CA42733C-7BCB-4BCD-B366-9E57CA6CB179}.Ad-Hoc|iPhone.ActiveCfg = Release|Any CPU
		{CA42733C-7BCB-4BCD-B366-9E57CA6CB179}.Ad-Hoc|iPhone.Build.0 = Release|Any CPU
		{CA42733C-7BCB-4BCD-B366-9E57CA6CB179}.Ad-Hoc|iPhoneSimulator.ActiveCfg = Release|Any CPU
		{CA42733C-7BCB-4BCD-B366-9E57CA6CB179}.Ad-Hoc|iPhoneSimulator.Build.0 = Release|Any CPU
		{CA42733C-7BCB-4BCD-B366-9E57CA6CB179}.Ad-Hoc|Mixed Platforms.ActiveCfg = Release|x86
		{CA42733C-7BCB-4BCD-B366-9E57CA6CB179}.Ad-Hoc|Mixed Platforms.Build.0 = Release|x86
		{CA42733C-7BCB-4BCD-B366-9E57CA6CB179}.Ad-Hoc|x86.ActiveCfg = Release|x86
		{CA42733C-7BCB-4BCD-B366-9E57CA6CB179}.Ad-Hoc|x86.Build.0 = Release|x86
		{CA42733C-7BCB-4BCD-B366-9E57CA6CB179}.AppStore|Any CPU.ActiveCfg = Debug|x86
		{CA42733C-7BCB-4BCD-B366-9E57CA6CB179}.AppStore|Any CPU.Build.0 = Debug|x86
		{CA42733C-7BCB-4BCD-B366-9E57CA6CB179}.AppStore|iPhone.ActiveCfg = Release|Any CPU
		{CA42733C-7BCB-4BCD-B366-9E57CA6CB179}.AppStore|iPhone.Build.0 = Release|Any CPU
		{CA42733C-7BCB-4BCD-B366-9E57CA6CB179}.AppStore|iPhoneSimulator.ActiveCfg = Release|Any CPU
		{CA42733C-7BCB-4BCD-B366-9E57CA6CB179}.AppStore|iPhoneSimulator.Build.0 = Release|Any CPU
		{CA42733C-7BCB-4BCD-B366-9E57CA6CB179}.AppStore|Mixed Platforms.ActiveCfg = Release|x86
		{CA42733C-7BCB-4BCD-B366-9E57CA6CB179}.AppStore|Mixed Platforms.Build.0 = Release|x86
		{CA42733C-7BCB-4BCD-B366-9E57CA6CB179}.AppStore|x86.ActiveCfg = Release|x86
		{CA42733C-7BCB-4BCD-B366-9E57CA6CB179}.AppStore|x86.Build.0 = Release|x86
		{CA42733C-7BCB-4BCD-B366-9E57CA6CB179}.Debug|Any CPU.ActiveCfg = Debug|Any CPU
		{CA42733C-7BCB-4BCD-B366-9E57CA6CB179}.Debug|Any CPU.Build.0 = Debug|Any CPU
		{CA42733C-7BCB-4BCD-B366-9E57CA6CB179}.Debug|iPhone.ActiveCfg = Debug|Any CPU
		{CA42733C-7BCB-4BCD-B366-9E57CA6CB179}.Debug|iPhone.Build.0 = Debug|Any CPU
		{CA42733C-7BCB-4BCD-B366-9E57CA6CB179}.Debug|iPhoneSimulator.ActiveCfg = Debug|Any CPU
		{CA42733C-7BCB-4BCD-B366-9E57CA6CB179}.Debug|iPhoneSimulator.Build.0 = Debug|Any CPU
		{CA42733C-7BCB-4BCD-B366-9E57CA6CB179}.Debug|Mixed Platforms.ActiveCfg = Debug|Any CPU
		{CA42733C-7BCB-4BCD-B366-9E57CA6CB179}.Debug|Mixed Platforms.Build.0 = Debug|Any CPU
		{CA42733C-7BCB-4BCD-B366-9E57CA6CB179}.Debug|x86.ActiveCfg = Debug|x86
		{CA42733C-7BCB-4BCD-B366-9E57CA6CB179}.Debug|x86.Build.0 = Debug|x86
		{CA42733C-7BCB-4BCD-B366-9E57CA6CB179}.Release|Any CPU.ActiveCfg = Release|Any CPU
		{CA42733C-7BCB-4BCD-B366-9E57CA6CB179}.Release|Any CPU.Build.0 = Release|Any CPU
		{CA42733C-7BCB-4BCD-B366-9E57CA6CB179}.Release|iPhone.ActiveCfg = Release|Any CPU
		{CA42733C-7BCB-4BCD-B366-9E57CA6CB179}.Release|iPhone.Build.0 = Release|Any CPU
		{CA42733C-7BCB-4BCD-B366-9E57CA6CB179}.Release|iPhoneSimulator.ActiveCfg = Release|Any CPU
		{CA42733C-7BCB-4BCD-B366-9E57CA6CB179}.Release|iPhoneSimulator.Build.0 = Release|Any CPU
		{CA42733C-7BCB-4BCD-B366-9E57CA6CB179}.Release|Mixed Platforms.ActiveCfg = Release|x86
		{CA42733C-7BCB-4BCD-B366-9E57CA6CB179}.Release|Mixed Platforms.Build.0 = Release|x86
		{CA42733C-7BCB-4BCD-B366-9E57CA6CB179}.Release|x86.ActiveCfg = Release|x86
		{CA42733C-7BCB-4BCD-B366-9E57CA6CB179}.Release|x86.Build.0 = Release|x86
		{708336C8-A656-4512-A5F2-C3395FFE75C4}.Ad-Hoc|Any CPU.ActiveCfg = Release|Any CPU
		{708336C8-A656-4512-A5F2-C3395FFE75C4}.Ad-Hoc|Any CPU.Build.0 = Release|Any CPU
		{708336C8-A656-4512-A5F2-C3395FFE75C4}.Ad-Hoc|iPhone.ActiveCfg = Release|Any CPU
		{708336C8-A656-4512-A5F2-C3395FFE75C4}.Ad-Hoc|iPhone.Build.0 = Release|Any CPU
		{708336C8-A656-4512-A5F2-C3395FFE75C4}.Ad-Hoc|iPhoneSimulator.ActiveCfg = Release|Any CPU
		{708336C8-A656-4512-A5F2-C3395FFE75C4}.Ad-Hoc|iPhoneSimulator.Build.0 = Release|Any CPU
		{708336C8-A656-4512-A5F2-C3395FFE75C4}.Ad-Hoc|Mixed Platforms.ActiveCfg = Release|Any CPU
		{708336C8-A656-4512-A5F2-C3395FFE75C4}.Ad-Hoc|Mixed Platforms.Build.0 = Release|Any CPU
		{708336C8-A656-4512-A5F2-C3395FFE75C4}.Ad-Hoc|x86.ActiveCfg = Release|Any CPU
		{708336C8-A656-4512-A5F2-C3395FFE75C4}.Ad-Hoc|x86.Build.0 = Release|Any CPU
		{708336C8-A656-4512-A5F2-C3395FFE75C4}.AppStore|Any CPU.ActiveCfg = Debug|Any CPU
		{708336C8-A656-4512-A5F2-C3395FFE75C4}.AppStore|Any CPU.Build.0 = Debug|Any CPU
		{708336C8-A656-4512-A5F2-C3395FFE75C4}.AppStore|iPhone.ActiveCfg = Release|Any CPU
		{708336C8-A656-4512-A5F2-C3395FFE75C4}.AppStore|iPhone.Build.0 = Release|Any CPU
		{708336C8-A656-4512-A5F2-C3395FFE75C4}.AppStore|iPhoneSimulator.ActiveCfg = Release|Any CPU
		{708336C8-A656-4512-A5F2-C3395FFE75C4}.AppStore|iPhoneSimulator.Build.0 = Release|Any CPU
		{708336C8-A656-4512-A5F2-C3395FFE75C4}.AppStore|Mixed Platforms.ActiveCfg = Release|Any CPU
		{708336C8-A656-4512-A5F2-C3395FFE75C4}.AppStore|Mixed Platforms.Build.0 = Release|Any CPU
		{708336C8-A656-4512-A5F2-C3395FFE75C4}.AppStore|x86.ActiveCfg = Release|Any CPU
		{708336C8-A656-4512-A5F2-C3395FFE75C4}.Debug|Any CPU.ActiveCfg = Debug|Any CPU
		{708336C8-A656-4512-A5F2-C3395FFE75C4}.Debug|Any CPU.Build.0 = Debug|Any CPU
		{708336C8-A656-4512-A5F2-C3395FFE75C4}.Debug|iPhone.ActiveCfg = Debug|Any CPU
		{708336C8-A656-4512-A5F2-C3395FFE75C4}.Debug|iPhone.Build.0 = Debug|Any CPU
		{708336C8-A656-4512-A5F2-C3395FFE75C4}.Debug|iPhoneSimulator.ActiveCfg = Debug|Any CPU
		{708336C8-A656-4512-A5F2-C3395FFE75C4}.Debug|iPhoneSimulator.Build.0 = Debug|Any CPU
		{708336C8-A656-4512-A5F2-C3395FFE75C4}.Debug|Mixed Platforms.ActiveCfg = Debug|Any CPU
		{708336C8-A656-4512-A5F2-C3395FFE75C4}.Debug|Mixed Platforms.Build.0 = Debug|Any CPU
		{708336C8-A656-4512-A5F2-C3395FFE75C4}.Debug|x86.ActiveCfg = Debug|Any CPU
		{708336C8-A656-4512-A5F2-C3395FFE75C4}.Debug|x86.Build.0 = Debug|Any CPU
		{708336C8-A656-4512-A5F2-C3395FFE75C4}.Release|Any CPU.ActiveCfg = Release|Any CPU
		{708336C8-A656-4512-A5F2-C3395FFE75C4}.Release|Any CPU.Build.0 = Release|Any CPU
		{708336C8-A656-4512-A5F2-C3395FFE75C4}.Release|iPhone.ActiveCfg = Release|Any CPU
		{708336C8-A656-4512-A5F2-C3395FFE75C4}.Release|iPhone.Build.0 = Release|Any CPU
		{708336C8-A656-4512-A5F2-C3395FFE75C4}.Release|iPhoneSimulator.ActiveCfg = Release|Any CPU
		{708336C8-A656-4512-A5F2-C3395FFE75C4}.Release|iPhoneSimulator.Build.0 = Release|Any CPU
		{708336C8-A656-4512-A5F2-C3395FFE75C4}.Release|Mixed Platforms.ActiveCfg = Release|Any CPU
		{708336C8-A656-4512-A5F2-C3395FFE75C4}.Release|Mixed Platforms.Build.0 = Release|Any CPU
		{708336C8-A656-4512-A5F2-C3395FFE75C4}.Release|x86.ActiveCfg = Release|Any CPU
		{708336C8-A656-4512-A5F2-C3395FFE75C4}.Release|x86.Build.0 = Release|Any CPU
		{3593BC52-5AA6-4FC8-A3A5-D1DF5DF1E206}.Ad-Hoc|Any CPU.ActiveCfg = AppStore|Any CPU
		{3593BC52-5AA6-4FC8-A3A5-D1DF5DF1E206}.Ad-Hoc|iPhone.ActiveCfg = AppStore|Any CPU
		{3593BC52-5AA6-4FC8-A3A5-D1DF5DF1E206}.Ad-Hoc|iPhoneSimulator.ActiveCfg = AppStore|Any CPU
		{3593BC52-5AA6-4FC8-A3A5-D1DF5DF1E206}.Ad-Hoc|Mixed Platforms.ActiveCfg = AppStore|Any CPU
		{3593BC52-5AA6-4FC8-A3A5-D1DF5DF1E206}.Ad-Hoc|x86.ActiveCfg = AppStore|Any CPU
		{3593BC52-5AA6-4FC8-A3A5-D1DF5DF1E206}.AppStore|Any CPU.ActiveCfg = AppStore|Any CPU
		{3593BC52-5AA6-4FC8-A3A5-D1DF5DF1E206}.AppStore|Any CPU.Build.0 = AppStore|Any CPU
		{3593BC52-5AA6-4FC8-A3A5-D1DF5DF1E206}.AppStore|iPhone.ActiveCfg = AppStore|Any CPU
		{3593BC52-5AA6-4FC8-A3A5-D1DF5DF1E206}.AppStore|iPhoneSimulator.ActiveCfg = AppStore|Any CPU
		{3593BC52-5AA6-4FC8-A3A5-D1DF5DF1E206}.AppStore|Mixed Platforms.ActiveCfg = AppStore|Any CPU
		{3593BC52-5AA6-4FC8-A3A5-D1DF5DF1E206}.AppStore|x86.ActiveCfg = AppStore|Any CPU
		{3593BC52-5AA6-4FC8-A3A5-D1DF5DF1E206}.Debug|Any CPU.ActiveCfg = Debug|Any CPU
		{3593BC52-5AA6-4FC8-A3A5-D1DF5DF1E206}.Debug|iPhone.ActiveCfg = Debug|Any CPU
		{3593BC52-5AA6-4FC8-A3A5-D1DF5DF1E206}.Debug|iPhoneSimulator.ActiveCfg = Debug|Any CPU
		{3593BC52-5AA6-4FC8-A3A5-D1DF5DF1E206}.Debug|Mixed Platforms.ActiveCfg = Debug|Any CPU
		{3593BC52-5AA6-4FC8-A3A5-D1DF5DF1E206}.Debug|x86.ActiveCfg = Debug|Any CPU
		{3593BC52-5AA6-4FC8-A3A5-D1DF5DF1E206}.Debug|x86.Build.0 = Debug|Any CPU
		{3593BC52-5AA6-4FC8-A3A5-D1DF5DF1E206}.Release|Any CPU.ActiveCfg = Release|Any CPU
		{3593BC52-5AA6-4FC8-A3A5-D1DF5DF1E206}.Release|iPhone.ActiveCfg = Release|Any CPU
		{3593BC52-5AA6-4FC8-A3A5-D1DF5DF1E206}.Release|iPhoneSimulator.ActiveCfg = Release|Any CPU
		{3593BC52-5AA6-4FC8-A3A5-D1DF5DF1E206}.Release|Mixed Platforms.ActiveCfg = Release|Any CPU
		{3593BC52-5AA6-4FC8-A3A5-D1DF5DF1E206}.Release|x86.ActiveCfg = Release|Any CPU
		{3593BC52-5AA6-4FC8-A3A5-D1DF5DF1E206}.Release|x86.Build.0 = Release|Any CPU
		{0AF9AAF1-C80C-4F00-A3E9-BE67F805B8D9}.Ad-Hoc|Any CPU.ActiveCfg = Release|Any CPU
		{0AF9AAF1-C80C-4F00-A3E9-BE67F805B8D9}.Ad-Hoc|Any CPU.Build.0 = Release|Any CPU
		{0AF9AAF1-C80C-4F00-A3E9-BE67F805B8D9}.Ad-Hoc|iPhone.ActiveCfg = Release|Any CPU
		{0AF9AAF1-C80C-4F00-A3E9-BE67F805B8D9}.Ad-Hoc|iPhone.Build.0 = Release|Any CPU
		{0AF9AAF1-C80C-4F00-A3E9-BE67F805B8D9}.Ad-Hoc|iPhoneSimulator.ActiveCfg = Release|Any CPU
		{0AF9AAF1-C80C-4F00-A3E9-BE67F805B8D9}.Ad-Hoc|iPhoneSimulator.Build.0 = Release|Any CPU
		{0AF9AAF1-C80C-4F00-A3E9-BE67F805B8D9}.Ad-Hoc|Mixed Platforms.ActiveCfg = Release|Any CPU
		{0AF9AAF1-C80C-4F00-A3E9-BE67F805B8D9}.Ad-Hoc|Mixed Platforms.Build.0 = Release|Any CPU
		{0AF9AAF1-C80C-4F00-A3E9-BE67F805B8D9}.Ad-Hoc|x86.ActiveCfg = Release|Any CPU
		{0AF9AAF1-C80C-4F00-A3E9-BE67F805B8D9}.Ad-Hoc|x86.Build.0 = Release|Any CPU
		{0AF9AAF1-C80C-4F00-A3E9-BE67F805B8D9}.AppStore|Any CPU.ActiveCfg = Release|Any CPU
		{0AF9AAF1-C80C-4F00-A3E9-BE67F805B8D9}.AppStore|Any CPU.Build.0 = Release|Any CPU
		{0AF9AAF1-C80C-4F00-A3E9-BE67F805B8D9}.AppStore|iPhone.ActiveCfg = Release|Any CPU
		{0AF9AAF1-C80C-4F00-A3E9-BE67F805B8D9}.AppStore|iPhone.Build.0 = Release|Any CPU
		{0AF9AAF1-C80C-4F00-A3E9-BE67F805B8D9}.AppStore|iPhoneSimulator.ActiveCfg = Release|Any CPU
		{0AF9AAF1-C80C-4F00-A3E9-BE67F805B8D9}.AppStore|iPhoneSimulator.Build.0 = Release|Any CPU
		{0AF9AAF1-C80C-4F00-A3E9-BE67F805B8D9}.AppStore|Mixed Platforms.ActiveCfg = Release|Any CPU
		{0AF9AAF1-C80C-4F00-A3E9-BE67F805B8D9}.AppStore|Mixed Platforms.Build.0 = Release|Any CPU
		{0AF9AAF1-C80C-4F00-A3E9-BE67F805B8D9}.AppStore|x86.ActiveCfg = Release|Any CPU
		{0AF9AAF1-C80C-4F00-A3E9-BE67F805B8D9}.AppStore|x86.Build.0 = Release|Any CPU
		{0AF9AAF1-C80C-4F00-A3E9-BE67F805B8D9}.Debug|Any CPU.ActiveCfg = Debug|Any CPU
		{0AF9AAF1-C80C-4F00-A3E9-BE67F805B8D9}.Debug|Any CPU.Build.0 = Debug|Any CPU
		{0AF9AAF1-C80C-4F00-A3E9-BE67F805B8D9}.Debug|iPhone.ActiveCfg = Debug|Any CPU
		{0AF9AAF1-C80C-4F00-A3E9-BE67F805B8D9}.Debug|iPhone.Build.0 = Debug|Any CPU
		{0AF9AAF1-C80C-4F00-A3E9-BE67F805B8D9}.Debug|iPhoneSimulator.ActiveCfg = Debug|Any CPU
		{0AF9AAF1-C80C-4F00-A3E9-BE67F805B8D9}.Debug|iPhoneSimulator.Build.0 = Debug|Any CPU
		{0AF9AAF1-C80C-4F00-A3E9-BE67F805B8D9}.Debug|Mixed Platforms.ActiveCfg = Debug|Any CPU
		{0AF9AAF1-C80C-4F00-A3E9-BE67F805B8D9}.Debug|Mixed Platforms.Build.0 = Debug|Any CPU
		{0AF9AAF1-C80C-4F00-A3E9-BE67F805B8D9}.Debug|x86.ActiveCfg = Debug|Any CPU
		{0AF9AAF1-C80C-4F00-A3E9-BE67F805B8D9}.Debug|x86.Build.0 = Debug|Any CPU
		{0AF9AAF1-C80C-4F00-A3E9-BE67F805B8D9}.Release|Any CPU.ActiveCfg = Release|Any CPU
		{0AF9AAF1-C80C-4F00-A3E9-BE67F805B8D9}.Release|Any CPU.Build.0 = Release|Any CPU
		{0AF9AAF1-C80C-4F00-A3E9-BE67F805B8D9}.Release|iPhone.ActiveCfg = Release|Any CPU
		{0AF9AAF1-C80C-4F00-A3E9-BE67F805B8D9}.Release|iPhone.Build.0 = Release|Any CPU
		{0AF9AAF1-C80C-4F00-A3E9-BE67F805B8D9}.Release|iPhoneSimulator.ActiveCfg = Release|Any CPU
		{0AF9AAF1-C80C-4F00-A3E9-BE67F805B8D9}.Release|iPhoneSimulator.Build.0 = Release|Any CPU
		{0AF9AAF1-C80C-4F00-A3E9-BE67F805B8D9}.Release|Mixed Platforms.ActiveCfg = Release|Any CPU
		{0AF9AAF1-C80C-4F00-A3E9-BE67F805B8D9}.Release|Mixed Platforms.Build.0 = Release|Any CPU
		{0AF9AAF1-C80C-4F00-A3E9-BE67F805B8D9}.Release|x86.ActiveCfg = Release|Any CPU
		{0AF9AAF1-C80C-4F00-A3E9-BE67F805B8D9}.Release|x86.Build.0 = Release|Any CPU
		{278FF2CB-2798-4637-9ED1-98C433709396}.Ad-Hoc|Any CPU.ActiveCfg = Release|Any CPU
		{278FF2CB-2798-4637-9ED1-98C433709396}.Ad-Hoc|Any CPU.Build.0 = Release|Any CPU
		{278FF2CB-2798-4637-9ED1-98C433709396}.Ad-Hoc|iPhone.ActiveCfg = Release|Any CPU
		{278FF2CB-2798-4637-9ED1-98C433709396}.Ad-Hoc|iPhone.Build.0 = Release|Any CPU
		{278FF2CB-2798-4637-9ED1-98C433709396}.Ad-Hoc|iPhoneSimulator.ActiveCfg = Release|Any CPU
		{278FF2CB-2798-4637-9ED1-98C433709396}.Ad-Hoc|iPhoneSimulator.Build.0 = Release|Any CPU
		{278FF2CB-2798-4637-9ED1-98C433709396}.Ad-Hoc|Mixed Platforms.ActiveCfg = Release|Any CPU
		{278FF2CB-2798-4637-9ED1-98C433709396}.Ad-Hoc|Mixed Platforms.Build.0 = Release|Any CPU
		{278FF2CB-2798-4637-9ED1-98C433709396}.Ad-Hoc|x86.ActiveCfg = Release|Any CPU
		{278FF2CB-2798-4637-9ED1-98C433709396}.Ad-Hoc|x86.Build.0 = Release|Any CPU
		{278FF2CB-2798-4637-9ED1-98C433709396}.AppStore|Any CPU.ActiveCfg = Release|Any CPU
		{278FF2CB-2798-4637-9ED1-98C433709396}.AppStore|Any CPU.Build.0 = Release|Any CPU
		{278FF2CB-2798-4637-9ED1-98C433709396}.AppStore|iPhone.ActiveCfg = Release|Any CPU
		{278FF2CB-2798-4637-9ED1-98C433709396}.AppStore|iPhone.Build.0 = Release|Any CPU
		{278FF2CB-2798-4637-9ED1-98C433709396}.AppStore|iPhoneSimulator.ActiveCfg = Release|Any CPU
		{278FF2CB-2798-4637-9ED1-98C433709396}.AppStore|iPhoneSimulator.Build.0 = Release|Any CPU
		{278FF2CB-2798-4637-9ED1-98C433709396}.AppStore|Mixed Platforms.ActiveCfg = Release|Any CPU
		{278FF2CB-2798-4637-9ED1-98C433709396}.AppStore|Mixed Platforms.Build.0 = Release|Any CPU
		{278FF2CB-2798-4637-9ED1-98C433709396}.AppStore|x86.ActiveCfg = Release|Any CPU
		{278FF2CB-2798-4637-9ED1-98C433709396}.AppStore|x86.Build.0 = Release|Any CPU
		{278FF2CB-2798-4637-9ED1-98C433709396}.Debug|Any CPU.ActiveCfg = Debug|Any CPU
		{278FF2CB-2798-4637-9ED1-98C433709396}.Debug|Any CPU.Build.0 = Debug|Any CPU
		{278FF2CB-2798-4637-9ED1-98C433709396}.Debug|iPhone.ActiveCfg = Debug|Any CPU
		{278FF2CB-2798-4637-9ED1-98C433709396}.Debug|iPhone.Build.0 = Debug|Any CPU
		{278FF2CB-2798-4637-9ED1-98C433709396}.Debug|iPhoneSimulator.ActiveCfg = Debug|Any CPU
		{278FF2CB-2798-4637-9ED1-98C433709396}.Debug|iPhoneSimulator.Build.0 = Debug|Any CPU
		{278FF2CB-2798-4637-9ED1-98C433709396}.Debug|Mixed Platforms.ActiveCfg = Debug|Any CPU
		{278FF2CB-2798-4637-9ED1-98C433709396}.Debug|Mixed Platforms.Build.0 = Debug|Any CPU
		{278FF2CB-2798-4637-9ED1-98C433709396}.Debug|x86.ActiveCfg = Debug|Any CPU
		{278FF2CB-2798-4637-9ED1-98C433709396}.Debug|x86.Build.0 = Debug|Any CPU
		{278FF2CB-2798-4637-9ED1-98C433709396}.Release|Any CPU.ActiveCfg = Release|Any CPU
		{278FF2CB-2798-4637-9ED1-98C433709396}.Release|Any CPU.Build.0 = Release|Any CPU
		{278FF2CB-2798-4637-9ED1-98C433709396}.Release|iPhone.ActiveCfg = Release|Any CPU
		{278FF2CB-2798-4637-9ED1-98C433709396}.Release|iPhone.Build.0 = Release|Any CPU
		{278FF2CB-2798-4637-9ED1-98C433709396}.Release|iPhoneSimulator.ActiveCfg = Release|Any CPU
		{278FF2CB-2798-4637-9ED1-98C433709396}.Release|iPhoneSimulator.Build.0 = Release|Any CPU
		{278FF2CB-2798-4637-9ED1-98C433709396}.Release|Mixed Platforms.ActiveCfg = Release|Any CPU
		{278FF2CB-2798-4637-9ED1-98C433709396}.Release|Mixed Platforms.Build.0 = Release|Any CPU
		{278FF2CB-2798-4637-9ED1-98C433709396}.Release|x86.ActiveCfg = Release|Any CPU
		{278FF2CB-2798-4637-9ED1-98C433709396}.Release|x86.Build.0 = Release|Any CPU
		{C4D086AC-21ED-433C-8764-F8E78E74408D}.Ad-Hoc|Any CPU.ActiveCfg = Release|Any CPU
		{C4D086AC-21ED-433C-8764-F8E78E74408D}.Ad-Hoc|Any CPU.Build.0 = Release|Any CPU
		{C4D086AC-21ED-433C-8764-F8E78E74408D}.Ad-Hoc|iPhone.ActiveCfg = Release|Any CPU
		{C4D086AC-21ED-433C-8764-F8E78E74408D}.Ad-Hoc|iPhone.Build.0 = Release|Any CPU
		{C4D086AC-21ED-433C-8764-F8E78E74408D}.Ad-Hoc|iPhoneSimulator.ActiveCfg = Release|Any CPU
		{C4D086AC-21ED-433C-8764-F8E78E74408D}.Ad-Hoc|iPhoneSimulator.Build.0 = Release|Any CPU
		{C4D086AC-21ED-433C-8764-F8E78E74408D}.Ad-Hoc|Mixed Platforms.ActiveCfg = Release|Any CPU
		{C4D086AC-21ED-433C-8764-F8E78E74408D}.Ad-Hoc|Mixed Platforms.Build.0 = Release|Any CPU
		{C4D086AC-21ED-433C-8764-F8E78E74408D}.Ad-Hoc|x86.ActiveCfg = Release|Any CPU
		{C4D086AC-21ED-433C-8764-F8E78E74408D}.Ad-Hoc|x86.Build.0 = Release|Any CPU
		{C4D086AC-21ED-433C-8764-F8E78E74408D}.AppStore|Any CPU.ActiveCfg = Release|Any CPU
		{C4D086AC-21ED-433C-8764-F8E78E74408D}.AppStore|Any CPU.Build.0 = Release|Any CPU
		{C4D086AC-21ED-433C-8764-F8E78E74408D}.AppStore|iPhone.ActiveCfg = Release|Any CPU
		{C4D086AC-21ED-433C-8764-F8E78E74408D}.AppStore|iPhone.Build.0 = Release|Any CPU
		{C4D086AC-21ED-433C-8764-F8E78E74408D}.AppStore|iPhoneSimulator.ActiveCfg = Release|Any CPU
		{C4D086AC-21ED-433C-8764-F8E78E74408D}.AppStore|iPhoneSimulator.Build.0 = Release|Any CPU
		{C4D086AC-21ED-433C-8764-F8E78E74408D}.AppStore|Mixed Platforms.ActiveCfg = Release|Any CPU
		{C4D086AC-21ED-433C-8764-F8E78E74408D}.AppStore|Mixed Platforms.Build.0 = Release|Any CPU
		{C4D086AC-21ED-433C-8764-F8E78E74408D}.AppStore|x86.ActiveCfg = Release|Any CPU
		{C4D086AC-21ED-433C-8764-F8E78E74408D}.AppStore|x86.Build.0 = Release|Any CPU
		{C4D086AC-21ED-433C-8764-F8E78E74408D}.Debug|Any CPU.ActiveCfg = Debug|Any CPU
		{C4D086AC-21ED-433C-8764-F8E78E74408D}.Debug|Any CPU.Build.0 = Debug|Any CPU
		{C4D086AC-21ED-433C-8764-F8E78E74408D}.Debug|iPhone.ActiveCfg = Debug|Any CPU
		{C4D086AC-21ED-433C-8764-F8E78E74408D}.Debug|iPhone.Build.0 = Debug|Any CPU
		{C4D086AC-21ED-433C-8764-F8E78E74408D}.Debug|iPhoneSimulator.ActiveCfg = Debug|Any CPU
		{C4D086AC-21ED-433C-8764-F8E78E74408D}.Debug|iPhoneSimulator.Build.0 = Debug|Any CPU
		{C4D086AC-21ED-433C-8764-F8E78E74408D}.Debug|Mixed Platforms.ActiveCfg = Debug|Any CPU
		{C4D086AC-21ED-433C-8764-F8E78E74408D}.Debug|Mixed Platforms.Build.0 = Debug|Any CPU
		{C4D086AC-21ED-433C-8764-F8E78E74408D}.Debug|x86.ActiveCfg = Debug|Any CPU
		{C4D086AC-21ED-433C-8764-F8E78E74408D}.Debug|x86.Build.0 = Debug|Any CPU
		{C4D086AC-21ED-433C-8764-F8E78E74408D}.Release|Any CPU.ActiveCfg = Release|Any CPU
		{C4D086AC-21ED-433C-8764-F8E78E74408D}.Release|Any CPU.Build.0 = Release|Any CPU
		{C4D086AC-21ED-433C-8764-F8E78E74408D}.Release|iPhone.ActiveCfg = Release|Any CPU
		{C4D086AC-21ED-433C-8764-F8E78E74408D}.Release|iPhone.Build.0 = Release|Any CPU
		{C4D086AC-21ED-433C-8764-F8E78E74408D}.Release|iPhoneSimulator.ActiveCfg = Release|Any CPU
		{C4D086AC-21ED-433C-8764-F8E78E74408D}.Release|iPhoneSimulator.Build.0 = Release|Any CPU
		{C4D086AC-21ED-433C-8764-F8E78E74408D}.Release|Mixed Platforms.ActiveCfg = Release|Any CPU
		{C4D086AC-21ED-433C-8764-F8E78E74408D}.Release|Mixed Platforms.Build.0 = Release|Any CPU
		{C4D086AC-21ED-433C-8764-F8E78E74408D}.Release|x86.ActiveCfg = Release|Any CPU
		{C4D086AC-21ED-433C-8764-F8E78E74408D}.Release|x86.Build.0 = Release|Any CPU
	EndGlobalSection
	GlobalSection(SolutionProperties) = preSolution
		HideSolutionNode = FALSE
	EndGlobalSection
	GlobalSection(NestedProjects) = preSolution
		{CA42733C-7BCB-4BCD-B366-9E57CA6CB179} = {29FAFB2C-2AF8-4622-BBA9-54BA86EDDA46}
		{3593BC52-5AA6-4FC8-A3A5-D1DF5DF1E206} = {29FAFB2C-2AF8-4622-BBA9-54BA86EDDA46}
		{C4D086AC-21ED-433C-8764-F8E78E74408D} = {9F907EB9-3696-4C5A-9A3D-935FFCF3B60A}
	EndGlobalSection
	GlobalSection(MonoDevelopProperties) = preSolution
		StartupItem = MHTemperature.Android\MHTemperature.Android.csproj
	EndGlobalSection
EndGlobal
