
Microsoft Visual Studio Solution File, Format Version 12.00
# Visual Studio 14
VisualStudioVersion = 14.0.25123.0
MinimumVisualStudioVersion = 10.0.40219.1
Project("{FAE04EC0-301F-11D3-BF4B-00C04F79EFBC}") = "MHTemperature", "MHTemperature\MHTemperature.csproj", "{5A1AD107-5B17-443B-8EE9-7E646201A855}"
EndProject
Project("{FAE04EC0-301F-11D3-BF4B-00C04F79EFBC}") = "MHTemperature.ConsoleHost", "MHTemperature.Console\MHTemperature.ConsoleHost.csproj", "{CA42733C-7BCB-4BCD-B366-9E57CA6CB179}"
EndProject
Project("{FAE04EC0-301F-11D3-BF4B-00C04F79EFBC}") = "MHTemperature.Tests", "MHTemperature.Tests\MHTemperature.Tests.csproj", "{708336C8-A656-4512-A5F2-C3395FFE75C4}"
EndProject
Project("{FAE04EC0-301F-11D3-BF4B-00C04F79EFBC}") = "MHTemperature.MacAgent", "MHTemperature.MacAgent\MHTemperature.MacAgent.csproj", "{3593BC52-5AA6-4FC8-A3A5-D1DF5DF1E206}"
EndProject
Project("{2150E333-8FDC-42A3-9474-1A3956D46DE8}") = "Dependencies", "Dependencies", "{286725FD-B135-4E98-9706-2E0AEA75D86E}"
EndProject
Project("{FAE04EC0-301F-11D3-BF4B-00C04F79EFBC}") = "Residata.Platform.Data", "..\residata-platform\Residata.Platform.Data\Residata.Platform.Data.csproj", "{8DB2DF54-E13A-4979-B913-609771074693}"
EndProject
Project("{FAE04EC0-301F-11D3-BF4B-00C04F79EFBC}") = "Residata.Platform.Contract", "..\residata-platform\Residata.Platform.Contract\Residata.Platform.Contract.csproj", "{0BCC4ADE-9C14-41C8-B36D-2D467BDE2628}"
EndProject
Project("{FAE04EC0-301F-11D3-BF4B-00C04F79EFBC}") = "Residata.Platform.Core", "..\residata-platform\Residata.Platform.Core\Residata.Platform.Core.csproj", "{C832A8D6-4A78-46B7-AEA4-27BFCD5F8272}"
EndProject
Project("{FAE04EC0-301F-11D3-BF4B-00C04F79EFBC}") = "Residata.Platform.Task", "..\residata-platform\Residata.Platform.Task\Residata.Platform.Task.csproj", "{56D7E8DC-453F-4B11-A054-F02D238F560A}"
EndProject
Project("{FAE04EC0-301F-11D3-BF4B-00C04F79EFBC}") = "Residata.Platform.Server.Worker", "..\residata-platform\Residata.Platform.Server.Worker\Residata.Platform.Server.Worker.csproj", "{0DD03C43-2E5D-46D4-80A0-5021F9B7181D}"
EndProject
Project("{FAE04EC0-301F-11D3-BF4B-00C04F79EFBC}") = "Residata.Platform.Web", "..\residata-platform\Residata.Platform.Web\Residata.Platform.Web.csproj", "{CB63385F-42DB-4053-979B-C2E90D360F9F}"
EndProject
Project("{2150E333-8FDC-42A3-9474-1A3956D46DE8}") = "Apps", "Apps", "{29FAFB2C-2AF8-4622-BBA9-54BA86EDDA46}"
EndProject
Global
	GlobalSection(SolutionConfigurationPlatforms) = preSolution
		Ad-Hoc|Any CPU = Ad-Hoc|Any CPU
		Ad-Hoc|iPhone = Ad-Hoc|iPhone
		Ad-Hoc|iPhoneSimulator = Ad-Hoc|iPhoneSimulator
		Ad-Hoc|Mixed Platforms = Ad-Hoc|Mixed Platforms
		Ad-Hoc|x86 = Ad-Hoc|x86
		AppStore|Any CPU = AppStore|Any CPU
		AppStore|iPhone = AppStore|iPhone
		AppStore|iPhoneSimulator = AppStore|iPhoneSimulator
		AppStore|Mixed Platforms = AppStore|Mixed Platforms
		AppStore|x86 = AppStore|x86
		Debug|Any CPU = Debug|Any CPU
		Debug|iPhone = Debug|iPhone
		Debug|iPhoneSimulator = Debug|iPhoneSimulator
		Debug|Mixed Platforms = Debug|Mixed Platforms
		Debug|x86 = Debug|x86
		Release|Any CPU = Release|Any CPU
		Release|iPhone = Release|iPhone
		Release|iPhoneSimulator = Release|iPhoneSimulator
		Release|Mixed Platforms = Release|Mixed Platforms
		Release|x86 = Release|x86
	EndGlobalSection
	GlobalSection(ProjectConfigurationPlatforms) = postSolution
		{5A1AD107-5B17-443B-8EE9-7E646201A855}.Ad-Hoc|Any CPU.ActiveCfg = Release|Any CPU
		{5A1AD107-5B17-443B-8EE9-7E646201A855}.Ad-Hoc|Any CPU.Build.0 = Release|Any CPU
		{5A1AD107-5B17-443B-8EE9-7E646201A855}.Ad-Hoc|iPhone.ActiveCfg = Release|Any CPU
		{5A1AD107-5B17-443B-8EE9-7E646201A855}.Ad-Hoc|iPhone.Build.0 = Release|Any CPU
		{5A1AD107-5B17-443B-8EE9-7E646201A855}.Ad-Hoc|iPhoneSimulator.ActiveCfg = Release|Any CPU
		{5A1AD107-5B17-443B-8EE9-7E646201A855}.Ad-Hoc|iPhoneSimulator.Build.0 = Release|Any CPU
		{5A1AD107-5B17-443B-8EE9-7E646201A855}.Ad-Hoc|Mixed Platforms.ActiveCfg = Release|x86
		{5A1AD107-5B17-443B-8EE9-7E646201A855}.Ad-Hoc|Mixed Platforms.Build.0 = Release|x86
		{5A1AD107-5B17-443B-8EE9-7E646201A855}.Ad-Hoc|x86.ActiveCfg = Release|x86
		{5A1AD107-5B17-443B-8EE9-7E646201A855}.Ad-Hoc|x86.Build.0 = Release|x86
		{5A1AD107-5B17-443B-8EE9-7E646201A855}.AppStore|Any CPU.ActiveCfg = Debug|x86
		{5A1AD107-5B17-443B-8EE9-7E646201A855}.AppStore|Any CPU.Build.0 = Debug|x86
		{5A1AD107-5B17-443B-8EE9-7E646201A855}.AppStore|iPhone.ActiveCfg = Release|Any CPU
		{5A1AD107-5B17-443B-8EE9-7E646201A855}.AppStore|iPhone.Build.0 = Release|Any CPU
		{5A1AD107-5B17-443B-8EE9-7E646201A855}.AppStore|iPhoneSimulator.ActiveCfg = Release|Any CPU
		{5A1AD107-5B17-443B-8EE9-7E646201A855}.AppStore|iPhoneSimulator.Build.0 = Release|Any CPU
		{5A1AD107-5B17-443B-8EE9-7E646201A855}.AppStore|Mixed Platforms.ActiveCfg = Release|x86
		{5A1AD107-5B17-443B-8EE9-7E646201A855}.AppStore|Mixed Platforms.Build.0 = Release|x86
		{5A1AD107-5B17-443B-8EE9-7E646201A855}.AppStore|x86.ActiveCfg = Release|x86
		{5A1AD107-5B17-443B-8EE9-7E646201A855}.AppStore|x86.Build.0 = Release|x86
		{5A1AD107-5B17-443B-8EE9-7E646201A855}.Debug|Any CPU.ActiveCfg = Debug|Any CPU
		{5A1AD107-5B17-443B-8EE9-7E646201A855}.Debug|Any CPU.Build.0 = Debug|Any CPU
		{5A1AD107-5B17-443B-8EE9-7E646201A855}.Debug|iPhone.ActiveCfg = Debug|Any CPU
		{5A1AD107-5B17-443B-8EE9-7E646201A855}.Debug|iPhone.Build.0 = Debug|Any CPU
		{5A1AD107-5B17-443B-8EE9-7E646201A855}.Debug|iPhoneSimulator.ActiveCfg = Debug|Any CPU
		{5A1AD107-5B17-443B-8EE9-7E646201A855}.Debug|iPhoneSimulator.Build.0 = Debug|Any CPU
		{5A1AD107-5B17-443B-8EE9-7E646201A855}.Debug|Mixed Platforms.ActiveCfg = Debug|Any CPU
		{5A1AD107-5B17-443B-8EE9-7E646201A855}.Debug|Mixed Platforms.Build.0 = Debug|Any CPU
		{5A1AD107-5B17-443B-8EE9-7E646201A855}.Debug|x86.ActiveCfg = Debug|x86
		{5A1AD107-5B17-443B-8EE9-7E646201A855}.Debug|x86.Build.0 = Debug|x86
		{5A1AD107-5B17-443B-8EE9-7E646201A855}.Release|Any CPU.ActiveCfg = Release|x86
		{5A1AD107-5B17-443B-8EE9-7E646201A855}.Release|iPhone.ActiveCfg = Release|Any CPU
		{5A1AD107-5B17-443B-8EE9-7E646201A855}.Release|iPhone.Build.0 = Release|Any CPU
		{5A1AD107-5B17-443B-8EE9-7E646201A855}.Release|iPhoneSimulator.ActiveCfg = Release|Any CPU
		{5A1AD107-5B17-443B-8EE9-7E646201A855}.Release|iPhoneSimulator.Build.0 = Release|Any CPU
		{5A1AD107-5B17-443B-8EE9-7E646201A855}.Release|Mixed Platforms.ActiveCfg = Release|x86
		{5A1AD107-5B17-443B-8EE9-7E646201A855}.Release|Mixed Platforms.Build.0 = Release|x86
		{5A1AD107-5B17-443B-8EE9-7E646201A855}.Release|x86.ActiveCfg = Release|x86
		{5A1AD107-5B17-443B-8EE9-7E646201A855}.Release|x86.Build.0 = Release|x86
		{CA42733C-7BCB-4BCD-B366-9E57CA6CB179}.Ad-Hoc|Any CPU.ActiveCfg = Release|Any CPU
		{CA42733C-7BCB-4BCD-B366-9E57CA6CB179}.Ad-Hoc|Any CPU.Build.0 = Release|Any CPU
		{CA42733C-7BCB-4BCD-B366-9E57CA6CB179}.Ad-Hoc|iPhone.ActiveCfg = Release|Any CPU
		{CA42733C-7BCB-4BCD-B366-9E57CA6CB179}.Ad-Hoc|iPhone.Build.0 = Release|Any CPU
		{CA42733C-7BCB-4BCD-B366-9E57CA6CB179}.Ad-Hoc|iPhoneSimulator.ActiveCfg = Release|Any CPU
		{CA42733C-7BCB-4BCD-B366-9E57CA6CB179}.Ad-Hoc|iPhoneSimulator.Build.0 = Release|Any CPU
		{CA42733C-7BCB-4BCD-B366-9E57CA6CB179}.Ad-Hoc|Mixed Platforms.ActiveCfg = Release|x86
		{CA42733C-7BCB-4BCD-B366-9E57CA6CB179}.Ad-Hoc|Mixed Platforms.Build.0 = Release|x86
		{CA42733C-7BCB-4BCD-B366-9E57CA6CB179}.Ad-Hoc|x86.ActiveCfg = Release|x86
		{CA42733C-7BCB-4BCD-B366-9E57CA6CB179}.Ad-Hoc|x86.Build.0 = Release|x86
		{CA42733C-7BCB-4BCD-B366-9E57CA6CB179}.AppStore|Any CPU.ActiveCfg = Debug|x86
		{CA42733C-7BCB-4BCD-B366-9E57CA6CB179}.AppStore|Any CPU.Build.0 = Debug|x86
		{CA42733C-7BCB-4BCD-B366-9E57CA6CB179}.AppStore|iPhone.ActiveCfg = Release|Any CPU
		{CA42733C-7BCB-4BCD-B366-9E57CA6CB179}.AppStore|iPhone.Build.0 = Release|Any CPU
		{CA42733C-7BCB-4BCD-B366-9E57CA6CB179}.AppStore|iPhoneSimulator.ActiveCfg = Release|Any CPU
		{CA42733C-7BCB-4BCD-B366-9E57CA6CB179}.AppStore|iPhoneSimulator.Build.0 = Release|Any CPU
		{CA42733C-7BCB-4BCD-B366-9E57CA6CB179}.AppStore|Mixed Platforms.ActiveCfg = Release|x86
		{CA42733C-7BCB-4BCD-B366-9E57CA6CB179}.AppStore|Mixed Platforms.Build.0 = Release|x86
		{CA42733C-7BCB-4BCD-B366-9E57CA6CB179}.AppStore|x86.ActiveCfg = Release|x86
		{CA42733C-7BCB-4BCD-B366-9E57CA6CB179}.AppStore|x86.Build.0 = Release|x86
		{CA42733C-7BCB-4BCD-B366-9E57CA6CB179}.Debug|Any CPU.ActiveCfg = Debug|Any CPU
		{CA42733C-7BCB-4BCD-B366-9E57CA6CB179}.Debug|Any CPU.Build.0 = Debug|Any CPU
		{CA42733C-7BCB-4BCD-B366-9E57CA6CB179}.Debug|iPhone.ActiveCfg = Debug|Any CPU
		{CA42733C-7BCB-4BCD-B366-9E57CA6CB179}.Debug|iPhone.Build.0 = Debug|Any CPU
		{CA42733C-7BCB-4BCD-B366-9E57CA6CB179}.Debug|iPhoneSimulator.ActiveCfg = Debug|Any CPU
		{CA42733C-7BCB-4BCD-B366-9E57CA6CB179}.Debug|iPhoneSimulator.Build.0 = Debug|Any CPU
		{CA42733C-7BCB-4BCD-B366-9E57CA6CB179}.Debug|Mixed Platforms.ActiveCfg = Debug|Any CPU
		{CA42733C-7BCB-4BCD-B366-9E57CA6CB179}.Debug|Mixed Platforms.Build.0 = Debug|Any CPU
		{CA42733C-7BCB-4BCD-B366-9E57CA6CB179}.Debug|x86.ActiveCfg = Debug|x86
		{CA42733C-7BCB-4BCD-B366-9E57CA6CB179}.Debug|x86.Build.0 = Debug|x86
		{CA42733C-7BCB-4BCD-B366-9E57CA6CB179}.Release|Any CPU.ActiveCfg = Release|x86
		{CA42733C-7BCB-4BCD-B366-9E57CA6CB179}.Release|iPhone.ActiveCfg = Release|Any CPU
		{CA42733C-7BCB-4BCD-B366-9E57CA6CB179}.Release|iPhone.Build.0 = Release|Any CPU
		{CA42733C-7BCB-4BCD-B366-9E57CA6CB179}.Release|iPhoneSimulator.ActiveCfg = Release|Any CPU
		{CA42733C-7BCB-4BCD-B366-9E57CA6CB179}.Release|iPhoneSimulator.Build.0 = Release|Any CPU
		{CA42733C-7BCB-4BCD-B366-9E57CA6CB179}.Release|Mixed Platforms.ActiveCfg = Release|x86
		{CA42733C-7BCB-4BCD-B366-9E57CA6CB179}.Release|Mixed Platforms.Build.0 = Release|x86
		{CA42733C-7BCB-4BCD-B366-9E57CA6CB179}.Release|x86.ActiveCfg = Release|x86
		{CA42733C-7BCB-4BCD-B366-9E57CA6CB179}.Release|x86.Build.0 = Release|x86
		{708336C8-A656-4512-A5F2-C3395FFE75C4}.Ad-Hoc|Any CPU.ActiveCfg = Release|Any CPU
		{708336C8-A656-4512-A5F2-C3395FFE75C4}.Ad-Hoc|Any CPU.Build.0 = Release|Any CPU
		{708336C8-A656-4512-A5F2-C3395FFE75C4}.Ad-Hoc|iPhone.ActiveCfg = Release|Any CPU
		{708336C8-A656-4512-A5F2-C3395FFE75C4}.Ad-Hoc|iPhone.Build.0 = Release|Any CPU
		{708336C8-A656-4512-A5F2-C3395FFE75C4}.Ad-Hoc|iPhoneSimulator.ActiveCfg = Release|Any CPU
		{708336C8-A656-4512-A5F2-C3395FFE75C4}.Ad-Hoc|iPhoneSimulator.Build.0 = Release|Any CPU
		{708336C8-A656-4512-A5F2-C3395FFE75C4}.Ad-Hoc|Mixed Platforms.ActiveCfg = Release|Any CPU
		{708336C8-A656-4512-A5F2-C3395FFE75C4}.Ad-Hoc|Mixed Platforms.Build.0 = Release|Any CPU
		{708336C8-A656-4512-A5F2-C3395FFE75C4}.Ad-Hoc|x86.ActiveCfg = Release|Any CPU
		{708336C8-A656-4512-A5F2-C3395FFE75C4}.Ad-Hoc|x86.Build.0 = Release|Any CPU
		{708336C8-A656-4512-A5F2-C3395FFE75C4}.AppStore|Any CPU.ActiveCfg = Debug|Any CPU
		{708336C8-A656-4512-A5F2-C3395FFE75C4}.AppStore|Any CPU.Build.0 = Debug|Any CPU
		{708336C8-A656-4512-A5F2-C3395FFE75C4}.AppStore|iPhone.ActiveCfg = Release|Any CPU
		{708336C8-A656-4512-A5F2-C3395FFE75C4}.AppStore|iPhone.Build.0 = Release|Any CPU
		{708336C8-A656-4512-A5F2-C3395FFE75C4}.AppStore|iPhoneSimulator.ActiveCfg = Release|Any CPU
		{708336C8-A656-4512-A5F2-C3395FFE75C4}.AppStore|iPhoneSimulator.Build.0 = Release|Any CPU
		{708336C8-A656-4512-A5F2-C3395FFE75C4}.AppStore|Mixed Platforms.ActiveCfg = Release|Any CPU
		{708336C8-A656-4512-A5F2-C3395FFE75C4}.AppStore|Mixed Platforms.Build.0 = Release|Any CPU
		{708336C8-A656-4512-A5F2-C3395FFE75C4}.AppStore|x86.ActiveCfg = Release|Any CPU
		{708336C8-A656-4512-A5F2-C3395FFE75C4}.Debug|Any CPU.ActiveCfg = Debug|Any CPU
		{708336C8-A656-4512-A5F2-C3395FFE75C4}.Debug|Any CPU.Build.0 = Debug|Any CPU
		{708336C8-A656-4512-A5F2-C3395FFE75C4}.Debug|iPhone.ActiveCfg = Debug|Any CPU
		{708336C8-A656-4512-A5F2-C3395FFE75C4}.Debug|iPhone.Build.0 = Debug|Any CPU
		{708336C8-A656-4512-A5F2-C3395FFE75C4}.Debug|iPhoneSimulator.ActiveCfg = Debug|Any CPU
		{708336C8-A656-4512-A5F2-C3395FFE75C4}.Debug|iPhoneSimulator.Build.0 = Debug|Any CPU
		{708336C8-A656-4512-A5F2-C3395FFE75C4}.Debug|Mixed Platforms.ActiveCfg = Debug|Any CPU
		{708336C8-A656-4512-A5F2-C3395FFE75C4}.Debug|Mixed Platforms.Build.0 = Debug|Any CPU
		{708336C8-A656-4512-A5F2-C3395FFE75C4}.Debug|x86.ActiveCfg = Debug|Any CPU
		{708336C8-A656-4512-A5F2-C3395FFE75C4}.Debug|x86.Build.0 = Debug|Any CPU
		{708336C8-A656-4512-A5F2-C3395FFE75C4}.Release|Any CPU.ActiveCfg = Release|Any CPU
		{708336C8-A656-4512-A5F2-C3395FFE75C4}.Release|Any CPU.Build.0 = Release|Any CPU
		{708336C8-A656-4512-A5F2-C3395FFE75C4}.Release|iPhone.ActiveCfg = Release|Any CPU
		{708336C8-A656-4512-A5F2-C3395FFE75C4}.Release|iPhone.Build.0 = Release|Any CPU
		{708336C8-A656-4512-A5F2-C3395FFE75C4}.Release|iPhoneSimulator.ActiveCfg = Release|Any CPU
		{708336C8-A656-4512-A5F2-C3395FFE75C4}.Release|iPhoneSimulator.Build.0 = Release|Any CPU
		{708336C8-A656-4512-A5F2-C3395FFE75C4}.Release|Mixed Platforms.ActiveCfg = Release|Any CPU
		{708336C8-A656-4512-A5F2-C3395FFE75C4}.Release|Mixed Platforms.Build.0 = Release|Any CPU
		{708336C8-A656-4512-A5F2-C3395FFE75C4}.Release|x86.ActiveCfg = Release|Any CPU
		{708336C8-A656-4512-A5F2-C3395FFE75C4}.Release|x86.Build.0 = Release|Any CPU
		{3593BC52-5AA6-4FC8-A3A5-D1DF5DF1E206}.Ad-Hoc|Any CPU.ActiveCfg = AppStore|Any CPU
		{3593BC52-5AA6-4FC8-A3A5-D1DF5DF1E206}.Ad-Hoc|iPhone.ActiveCfg = AppStore|Any CPU
		{3593BC52-5AA6-4FC8-A3A5-D1DF5DF1E206}.Ad-Hoc|iPhoneSimulator.ActiveCfg = AppStore|Any CPU
		{3593BC52-5AA6-4FC8-A3A5-D1DF5DF1E206}.Ad-Hoc|Mixed Platforms.ActiveCfg = AppStore|Any CPU
		{3593BC52-5AA6-4FC8-A3A5-D1DF5DF1E206}.Ad-Hoc|x86.ActiveCfg = AppStore|Any CPU
		{3593BC52-5AA6-4FC8-A3A5-D1DF5DF1E206}.AppStore|Any CPU.ActiveCfg = AppStore|Any CPU
		{3593BC52-5AA6-4FC8-A3A5-D1DF5DF1E206}.AppStore|Any CPU.Build.0 = AppStore|Any CPU
		{3593BC52-5AA6-4FC8-A3A5-D1DF5DF1E206}.AppStore|iPhone.ActiveCfg = AppStore|Any CPU
		{3593BC52-5AA6-4FC8-A3A5-D1DF5DF1E206}.AppStore|iPhoneSimulator.ActiveCfg = AppStore|Any CPU
		{3593BC52-5AA6-4FC8-A3A5-D1DF5DF1E206}.AppStore|Mixed Platforms.ActiveCfg = AppStore|Any CPU
		{3593BC52-5AA6-4FC8-A3A5-D1DF5DF1E206}.AppStore|x86.ActiveCfg = AppStore|Any CPU
		{3593BC52-5AA6-4FC8-A3A5-D1DF5DF1E206}.Debug|Any CPU.ActiveCfg = Debug|Any CPU
		{3593BC52-5AA6-4FC8-A3A5-D1DF5DF1E206}.Debug|iPhone.ActiveCfg = Debug|Any CPU
		{3593BC52-5AA6-4FC8-A3A5-D1DF5DF1E206}.Debug|iPhoneSimulator.ActiveCfg = Debug|Any CPU
		{3593BC52-5AA6-4FC8-A3A5-D1DF5DF1E206}.Debug|Mixed Platforms.ActiveCfg = Debug|Any CPU
		{3593BC52-5AA6-4FC8-A3A5-D1DF5DF1E206}.Debug|x86.ActiveCfg = Debug|Any CPU
		{3593BC52-5AA6-4FC8-A3A5-D1DF5DF1E206}.Debug|x86.Build.0 = Debug|Any CPU
		{3593BC52-5AA6-4FC8-A3A5-D1DF5DF1E206}.Release|Any CPU.ActiveCfg = Release|Any CPU
		{3593BC52-5AA6-4FC8-A3A5-D1DF5DF1E206}.Release|iPhone.ActiveCfg = Release|Any CPU
		{3593BC52-5AA6-4FC8-A3A5-D1DF5DF1E206}.Release|iPhoneSimulator.ActiveCfg = Release|Any CPU
		{3593BC52-5AA6-4FC8-A3A5-D1DF5DF1E206}.Release|Mixed Platforms.ActiveCfg = Release|Any CPU
		{3593BC52-5AA6-4FC8-A3A5-D1DF5DF1E206}.Release|x86.ActiveCfg = Release|Any CPU
		{3593BC52-5AA6-4FC8-A3A5-D1DF5DF1E206}.Release|x86.Build.0 = Release|Any CPU
		{8DB2DF54-E13A-4979-B913-609771074693}.Ad-Hoc|Any CPU.ActiveCfg = Debug|Any CPU
		{8DB2DF54-E13A-4979-B913-609771074693}.Ad-Hoc|Any CPU.Build.0 = Debug|Any CPU
		{8DB2DF54-E13A-4979-B913-609771074693}.Ad-Hoc|iPhone.ActiveCfg = Debug|Any CPU
		{8DB2DF54-E13A-4979-B913-609771074693}.Ad-Hoc|iPhone.Build.0 = Debug|Any CPU
		{8DB2DF54-E13A-4979-B913-609771074693}.Ad-Hoc|iPhoneSimulator.ActiveCfg = Debug|Any CPU
		{8DB2DF54-E13A-4979-B913-609771074693}.Ad-Hoc|iPhoneSimulator.Build.0 = Debug|Any CPU
		{8DB2DF54-E13A-4979-B913-609771074693}.Ad-Hoc|Mixed Platforms.ActiveCfg = Debug|Any CPU
		{8DB2DF54-E13A-4979-B913-609771074693}.Ad-Hoc|Mixed Platforms.Build.0 = Debug|Any CPU
		{8DB2DF54-E13A-4979-B913-609771074693}.Ad-Hoc|x86.ActiveCfg = Debug|Any CPU
		{8DB2DF54-E13A-4979-B913-609771074693}.Ad-Hoc|x86.Build.0 = Debug|Any CPU
		{8DB2DF54-E13A-4979-B913-609771074693}.AppStore|Any CPU.ActiveCfg = Release|Any CPU
		{8DB2DF54-E13A-4979-B913-609771074693}.AppStore|Any CPU.Build.0 = Release|Any CPU
		{8DB2DF54-E13A-4979-B913-609771074693}.AppStore|iPhone.ActiveCfg = Debug|Any CPU
		{8DB2DF54-E13A-4979-B913-609771074693}.AppStore|iPhone.Build.0 = Debug|Any CPU
		{8DB2DF54-E13A-4979-B913-609771074693}.AppStore|iPhoneSimulator.ActiveCfg = Debug|Any CPU
		{8DB2DF54-E13A-4979-B913-609771074693}.AppStore|iPhoneSimulator.Build.0 = Debug|Any CPU
		{8DB2DF54-E13A-4979-B913-609771074693}.AppStore|Mixed Platforms.ActiveCfg = Release|Any CPU
		{8DB2DF54-E13A-4979-B913-609771074693}.AppStore|Mixed Platforms.Build.0 = Release|Any CPU
		{8DB2DF54-E13A-4979-B913-609771074693}.AppStore|x86.ActiveCfg = Release|Any CPU
		{8DB2DF54-E13A-4979-B913-609771074693}.Debug|Any CPU.ActiveCfg = Debug|Any CPU
		{8DB2DF54-E13A-4979-B913-609771074693}.Debug|Any CPU.Build.0 = Debug|Any CPU
		{8DB2DF54-E13A-4979-B913-609771074693}.Debug|iPhone.ActiveCfg = Debug|Any CPU
		{8DB2DF54-E13A-4979-B913-609771074693}.Debug|iPhone.Build.0 = Debug|Any CPU
		{8DB2DF54-E13A-4979-B913-609771074693}.Debug|iPhoneSimulator.ActiveCfg = Debug|Any CPU
		{8DB2DF54-E13A-4979-B913-609771074693}.Debug|iPhoneSimulator.Build.0 = Debug|Any CPU
		{8DB2DF54-E13A-4979-B913-609771074693}.Debug|Mixed Platforms.ActiveCfg = Debug|Any CPU
		{8DB2DF54-E13A-4979-B913-609771074693}.Debug|Mixed Platforms.Build.0 = Debug|Any CPU
		{8DB2DF54-E13A-4979-B913-609771074693}.Debug|x86.ActiveCfg = Debug|Any CPU
		{8DB2DF54-E13A-4979-B913-609771074693}.Release|Any CPU.ActiveCfg = Release|Any CPU
		{8DB2DF54-E13A-4979-B913-609771074693}.Release|Any CPU.Build.0 = Release|Any CPU
		{8DB2DF54-E13A-4979-B913-609771074693}.Release|iPhone.ActiveCfg = Release|Any CPU
		{8DB2DF54-E13A-4979-B913-609771074693}.Release|iPhone.Build.0 = Release|Any CPU
		{8DB2DF54-E13A-4979-B913-609771074693}.Release|iPhoneSimulator.ActiveCfg = Release|Any CPU
		{8DB2DF54-E13A-4979-B913-609771074693}.Release|iPhoneSimulator.Build.0 = Release|Any CPU
		{8DB2DF54-E13A-4979-B913-609771074693}.Release|Mixed Platforms.ActiveCfg = Release|Any CPU
		{8DB2DF54-E13A-4979-B913-609771074693}.Release|Mixed Platforms.Build.0 = Release|Any CPU
		{8DB2DF54-E13A-4979-B913-609771074693}.Release|x86.ActiveCfg = Release|Any CPU
		{0BCC4ADE-9C14-41C8-B36D-2D467BDE2628}.Ad-Hoc|Any CPU.ActiveCfg = Debug|Any CPU
		{0BCC4ADE-9C14-41C8-B36D-2D467BDE2628}.Ad-Hoc|Any CPU.Build.0 = Debug|Any CPU
		{0BCC4ADE-9C14-41C8-B36D-2D467BDE2628}.Ad-Hoc|iPhone.ActiveCfg = Debug|Any CPU
		{0BCC4ADE-9C14-41C8-B36D-2D467BDE2628}.Ad-Hoc|iPhone.Build.0 = Debug|Any CPU
		{0BCC4ADE-9C14-41C8-B36D-2D467BDE2628}.Ad-Hoc|iPhoneSimulator.ActiveCfg = Debug|Any CPU
		{0BCC4ADE-9C14-41C8-B36D-2D467BDE2628}.Ad-Hoc|iPhoneSimulator.Build.0 = Debug|Any CPU
		{0BCC4ADE-9C14-41C8-B36D-2D467BDE2628}.Ad-Hoc|Mixed Platforms.ActiveCfg = Debug|Any CPU
		{0BCC4ADE-9C14-41C8-B36D-2D467BDE2628}.Ad-Hoc|Mixed Platforms.Build.0 = Debug|Any CPU
		{0BCC4ADE-9C14-41C8-B36D-2D467BDE2628}.Ad-Hoc|x86.ActiveCfg = Debug|Any CPU
		{0BCC4ADE-9C14-41C8-B36D-2D467BDE2628}.Ad-Hoc|x86.Build.0 = Debug|Any CPU
		{0BCC4ADE-9C14-41C8-B36D-2D467BDE2628}.AppStore|Any CPU.ActiveCfg = Release|Any CPU
		{0BCC4ADE-9C14-41C8-B36D-2D467BDE2628}.AppStore|Any CPU.Build.0 = Release|Any CPU
		{0BCC4ADE-9C14-41C8-B36D-2D467BDE2628}.AppStore|iPhone.ActiveCfg = Debug|Any CPU
		{0BCC4ADE-9C14-41C8-B36D-2D467BDE2628}.AppStore|iPhone.Build.0 = Debug|Any CPU
		{0BCC4ADE-9C14-41C8-B36D-2D467BDE2628}.AppStore|iPhoneSimulator.ActiveCfg = Debug|Any CPU
		{0BCC4ADE-9C14-41C8-B36D-2D467BDE2628}.AppStore|iPhoneSimulator.Build.0 = Debug|Any CPU
		{0BCC4ADE-9C14-41C8-B36D-2D467BDE2628}.AppStore|Mixed Platforms.ActiveCfg = Release|Any CPU
		{0BCC4ADE-9C14-41C8-B36D-2D467BDE2628}.AppStore|Mixed Platforms.Build.0 = Release|Any CPU
		{0BCC4ADE-9C14-41C8-B36D-2D467BDE2628}.AppStore|x86.ActiveCfg = Release|Any CPU
		{0BCC4ADE-9C14-41C8-B36D-2D467BDE2628}.Debug|Any CPU.ActiveCfg = Debug|Any CPU
		{0BCC4ADE-9C14-41C8-B36D-2D467BDE2628}.Debug|Any CPU.Build.0 = Debug|Any CPU
		{0BCC4ADE-9C14-41C8-B36D-2D467BDE2628}.Debug|iPhone.ActiveCfg = Debug|Any CPU
		{0BCC4ADE-9C14-41C8-B36D-2D467BDE2628}.Debug|iPhone.Build.0 = Debug|Any CPU
		{0BCC4ADE-9C14-41C8-B36D-2D467BDE2628}.Debug|iPhoneSimulator.ActiveCfg = Debug|Any CPU
		{0BCC4ADE-9C14-41C8-B36D-2D467BDE2628}.Debug|iPhoneSimulator.Build.0 = Debug|Any CPU
		{0BCC4ADE-9C14-41C8-B36D-2D467BDE2628}.Debug|Mixed Platforms.ActiveCfg = Debug|Any CPU
		{0BCC4ADE-9C14-41C8-B36D-2D467BDE2628}.Debug|Mixed Platforms.Build.0 = Debug|Any CPU
		{0BCC4ADE-9C14-41C8-B36D-2D467BDE2628}.Debug|x86.ActiveCfg = Debug|Any CPU
		{0BCC4ADE-9C14-41C8-B36D-2D467BDE2628}.Release|Any CPU.ActiveCfg = Release|Any CPU
		{0BCC4ADE-9C14-41C8-B36D-2D467BDE2628}.Release|Any CPU.Build.0 = Release|Any CPU
		{0BCC4ADE-9C14-41C8-B36D-2D467BDE2628}.Release|iPhone.ActiveCfg = Release|Any CPU
		{0BCC4ADE-9C14-41C8-B36D-2D467BDE2628}.Release|iPhone.Build.0 = Release|Any CPU
		{0BCC4ADE-9C14-41C8-B36D-2D467BDE2628}.Release|iPhoneSimulator.ActiveCfg = Release|Any CPU
		{0BCC4ADE-9C14-41C8-B36D-2D467BDE2628}.Release|iPhoneSimulator.Build.0 = Release|Any CPU
		{0BCC4ADE-9C14-41C8-B36D-2D467BDE2628}.Release|Mixed Platforms.ActiveCfg = Release|Any CPU
		{0BCC4ADE-9C14-41C8-B36D-2D467BDE2628}.Release|Mixed Platforms.Build.0 = Release|Any CPU
		{0BCC4ADE-9C14-41C8-B36D-2D467BDE2628}.Release|x86.ActiveCfg = Release|Any CPU
		{C832A8D6-4A78-46B7-AEA4-27BFCD5F8272}.Ad-Hoc|Any CPU.ActiveCfg = Debug|Any CPU
		{C832A8D6-4A78-46B7-AEA4-27BFCD5F8272}.Ad-Hoc|Any CPU.Build.0 = Debug|Any CPU
		{C832A8D6-4A78-46B7-AEA4-27BFCD5F8272}.Ad-Hoc|iPhone.ActiveCfg = Debug|Any CPU
		{C832A8D6-4A78-46B7-AEA4-27BFCD5F8272}.Ad-Hoc|iPhone.Build.0 = Debug|Any CPU
		{C832A8D6-4A78-46B7-AEA4-27BFCD5F8272}.Ad-Hoc|iPhoneSimulator.ActiveCfg = Debug|Any CPU
		{C832A8D6-4A78-46B7-AEA4-27BFCD5F8272}.Ad-Hoc|iPhoneSimulator.Build.0 = Debug|Any CPU
		{C832A8D6-4A78-46B7-AEA4-27BFCD5F8272}.Ad-Hoc|Mixed Platforms.ActiveCfg = Debug|Any CPU
		{C832A8D6-4A78-46B7-AEA4-27BFCD5F8272}.Ad-Hoc|Mixed Platforms.Build.0 = Debug|Any CPU
		{C832A8D6-4A78-46B7-AEA4-27BFCD5F8272}.Ad-Hoc|x86.ActiveCfg = Debug|Any CPU
		{C832A8D6-4A78-46B7-AEA4-27BFCD5F8272}.Ad-Hoc|x86.Build.0 = Debug|Any CPU
		{C832A8D6-4A78-46B7-AEA4-27BFCD5F8272}.AppStore|Any CPU.ActiveCfg = Release|Any CPU
		{C832A8D6-4A78-46B7-AEA4-27BFCD5F8272}.AppStore|Any CPU.Build.0 = Release|Any CPU
		{C832A8D6-4A78-46B7-AEA4-27BFCD5F8272}.AppStore|iPhone.ActiveCfg = Debug|Any CPU
		{C832A8D6-4A78-46B7-AEA4-27BFCD5F8272}.AppStore|iPhone.Build.0 = Debug|Any CPU
		{C832A8D6-4A78-46B7-AEA4-27BFCD5F8272}.AppStore|iPhoneSimulator.ActiveCfg = Debug|Any CPU
		{C832A8D6-4A78-46B7-AEA4-27BFCD5F8272}.AppStore|iPhoneSimulator.Build.0 = Debug|Any CPU
		{C832A8D6-4A78-46B7-AEA4-27BFCD5F8272}.AppStore|Mixed Platforms.ActiveCfg = Release|Any CPU
		{C832A8D6-4A78-46B7-AEA4-27BFCD5F8272}.AppStore|Mixed Platforms.Build.0 = Release|Any CPU
		{C832A8D6-4A78-46B7-AEA4-27BFCD5F8272}.AppStore|x86.ActiveCfg = Release|Any CPU
		{C832A8D6-4A78-46B7-AEA4-27BFCD5F8272}.Debug|Any CPU.ActiveCfg = Debug|Any CPU
		{C832A8D6-4A78-46B7-AEA4-27BFCD5F8272}.Debug|Any CPU.Build.0 = Debug|Any CPU
		{C832A8D6-4A78-46B7-AEA4-27BFCD5F8272}.Debug|iPhone.ActiveCfg = Debug|Any CPU
		{C832A8D6-4A78-46B7-AEA4-27BFCD5F8272}.Debug|iPhone.Build.0 = Debug|Any CPU
		{C832A8D6-4A78-46B7-AEA4-27BFCD5F8272}.Debug|iPhoneSimulator.ActiveCfg = Debug|Any CPU
		{C832A8D6-4A78-46B7-AEA4-27BFCD5F8272}.Debug|iPhoneSimulator.Build.0 = Debug|Any CPU
		{C832A8D6-4A78-46B7-AEA4-27BFCD5F8272}.Debug|Mixed Platforms.ActiveCfg = Debug|Any CPU
		{C832A8D6-4A78-46B7-AEA4-27BFCD5F8272}.Debug|Mixed Platforms.Build.0 = Debug|Any CPU
		{C832A8D6-4A78-46B7-AEA4-27BFCD5F8272}.Debug|x86.ActiveCfg = Debug|Any CPU
		{C832A8D6-4A78-46B7-AEA4-27BFCD5F8272}.Release|Any CPU.ActiveCfg = Release|Any CPU
		{C832A8D6-4A78-46B7-AEA4-27BFCD5F8272}.Release|Any CPU.Build.0 = Release|Any CPU
		{C832A8D6-4A78-46B7-AEA4-27BFCD5F8272}.Release|iPhone.ActiveCfg = Release|Any CPU
		{C832A8D6-4A78-46B7-AEA4-27BFCD5F8272}.Release|iPhone.Build.0 = Release|Any CPU
		{C832A8D6-4A78-46B7-AEA4-27BFCD5F8272}.Release|iPhoneSimulator.ActiveCfg = Release|Any CPU
		{C832A8D6-4A78-46B7-AEA4-27BFCD5F8272}.Release|iPhoneSimulator.Build.0 = Release|Any CPU
		{C832A8D6-4A78-46B7-AEA4-27BFCD5F8272}.Release|Mixed Platforms.ActiveCfg = Release|Any CPU
		{C832A8D6-4A78-46B7-AEA4-27BFCD5F8272}.Release|Mixed Platforms.Build.0 = Release|Any CPU
		{C832A8D6-4A78-46B7-AEA4-27BFCD5F8272}.Release|x86.ActiveCfg = Release|Any CPU
		{56D7E8DC-453F-4B11-A054-F02D238F560A}.Ad-Hoc|Any CPU.ActiveCfg = Debug|Any CPU
		{56D7E8DC-453F-4B11-A054-F02D238F560A}.Ad-Hoc|Any CPU.Build.0 = Debug|Any CPU
		{56D7E8DC-453F-4B11-A054-F02D238F560A}.Ad-Hoc|iPhone.ActiveCfg = Debug|Any CPU
		{56D7E8DC-453F-4B11-A054-F02D238F560A}.Ad-Hoc|iPhone.Build.0 = Debug|Any CPU
		{56D7E8DC-453F-4B11-A054-F02D238F560A}.Ad-Hoc|iPhoneSimulator.ActiveCfg = Debug|Any CPU
		{56D7E8DC-453F-4B11-A054-F02D238F560A}.Ad-Hoc|iPhoneSimulator.Build.0 = Debug|Any CPU
		{56D7E8DC-453F-4B11-A054-F02D238F560A}.Ad-Hoc|Mixed Platforms.ActiveCfg = Debug|Any CPU
		{56D7E8DC-453F-4B11-A054-F02D238F560A}.Ad-Hoc|Mixed Platforms.Build.0 = Debug|Any CPU
		{56D7E8DC-453F-4B11-A054-F02D238F560A}.Ad-Hoc|x86.ActiveCfg = Debug|Any CPU
		{56D7E8DC-453F-4B11-A054-F02D238F560A}.Ad-Hoc|x86.Build.0 = Debug|Any CPU
		{56D7E8DC-453F-4B11-A054-F02D238F560A}.AppStore|Any CPU.ActiveCfg = Release|Any CPU
		{56D7E8DC-453F-4B11-A054-F02D238F560A}.AppStore|Any CPU.Build.0 = Release|Any CPU
		{56D7E8DC-453F-4B11-A054-F02D238F560A}.AppStore|iPhone.ActiveCfg = Debug|Any CPU
		{56D7E8DC-453F-4B11-A054-F02D238F560A}.AppStore|iPhone.Build.0 = Debug|Any CPU
		{56D7E8DC-453F-4B11-A054-F02D238F560A}.AppStore|iPhoneSimulator.ActiveCfg = Debug|Any CPU
		{56D7E8DC-453F-4B11-A054-F02D238F560A}.AppStore|iPhoneSimulator.Build.0 = Debug|Any CPU
		{56D7E8DC-453F-4B11-A054-F02D238F560A}.AppStore|Mixed Platforms.ActiveCfg = Release|Any CPU
		{56D7E8DC-453F-4B11-A054-F02D238F560A}.AppStore|Mixed Platforms.Build.0 = Release|Any CPU
		{56D7E8DC-453F-4B11-A054-F02D238F560A}.AppStore|x86.ActiveCfg = Release|Any CPU
		{56D7E8DC-453F-4B11-A054-F02D238F560A}.Debug|Any CPU.ActiveCfg = Debug|Any CPU
		{56D7E8DC-453F-4B11-A054-F02D238F560A}.Debug|Any CPU.Build.0 = Debug|Any CPU
		{56D7E8DC-453F-4B11-A054-F02D238F560A}.Debug|iPhone.ActiveCfg = Debug|Any CPU
		{56D7E8DC-453F-4B11-A054-F02D238F560A}.Debug|iPhone.Build.0 = Debug|Any CPU
		{56D7E8DC-453F-4B11-A054-F02D238F560A}.Debug|iPhoneSimulator.ActiveCfg = Debug|Any CPU
		{56D7E8DC-453F-4B11-A054-F02D238F560A}.Debug|iPhoneSimulator.Build.0 = Debug|Any CPU
		{56D7E8DC-453F-4B11-A054-F02D238F560A}.Debug|Mixed Platforms.ActiveCfg = Debug|Any CPU
		{56D7E8DC-453F-4B11-A054-F02D238F560A}.Debug|Mixed Platforms.Build.0 = Debug|Any CPU
		{56D7E8DC-453F-4B11-A054-F02D238F560A}.Debug|x86.ActiveCfg = Debug|Any CPU
		{56D7E8DC-453F-4B11-A054-F02D238F560A}.Release|Any CPU.ActiveCfg = Release|Any CPU
		{56D7E8DC-453F-4B11-A054-F02D238F560A}.Release|Any CPU.Build.0 = Release|Any CPU
		{56D7E8DC-453F-4B11-A054-F02D238F560A}.Release|iPhone.ActiveCfg = Release|Any CPU
		{56D7E8DC-453F-4B11-A054-F02D238F560A}.Release|iPhone.Build.0 = Release|Any CPU
		{56D7E8DC-453F-4B11-A054-F02D238F560A}.Release|iPhoneSimulator.ActiveCfg = Release|Any CPU
		{56D7E8DC-453F-4B11-A054-F02D238F560A}.Release|iPhoneSimulator.Build.0 = Release|Any CPU
		{56D7E8DC-453F-4B11-A054-F02D238F560A}.Release|Mixed Platforms.ActiveCfg = Release|Any CPU
		{56D7E8DC-453F-4B11-A054-F02D238F560A}.Release|Mixed Platforms.Build.0 = Release|Any CPU
		{56D7E8DC-453F-4B11-A054-F02D238F560A}.Release|x86.ActiveCfg = Release|Any CPU
		{0DD03C43-2E5D-46D4-80A0-5021F9B7181D}.Ad-Hoc|Any CPU.ActiveCfg = Debug|Any CPU
		{0DD03C43-2E5D-46D4-80A0-5021F9B7181D}.Ad-Hoc|Any CPU.Build.0 = Debug|Any CPU
		{0DD03C43-2E5D-46D4-80A0-5021F9B7181D}.Ad-Hoc|iPhone.ActiveCfg = Debug|Any CPU
		{0DD03C43-2E5D-46D4-80A0-5021F9B7181D}.Ad-Hoc|iPhone.Build.0 = Debug|Any CPU
		{0DD03C43-2E5D-46D4-80A0-5021F9B7181D}.Ad-Hoc|iPhoneSimulator.ActiveCfg = Debug|Any CPU
		{0DD03C43-2E5D-46D4-80A0-5021F9B7181D}.Ad-Hoc|iPhoneSimulator.Build.0 = Debug|Any CPU
		{0DD03C43-2E5D-46D4-80A0-5021F9B7181D}.Ad-Hoc|Mixed Platforms.ActiveCfg = Debug|Any CPU
		{0DD03C43-2E5D-46D4-80A0-5021F9B7181D}.Ad-Hoc|Mixed Platforms.Build.0 = Debug|Any CPU
		{0DD03C43-2E5D-46D4-80A0-5021F9B7181D}.Ad-Hoc|x86.ActiveCfg = Debug|Any CPU
		{0DD03C43-2E5D-46D4-80A0-5021F9B7181D}.Ad-Hoc|x86.Build.0 = Debug|Any CPU
		{0DD03C43-2E5D-46D4-80A0-5021F9B7181D}.AppStore|Any CPU.ActiveCfg = Release|Any CPU
		{0DD03C43-2E5D-46D4-80A0-5021F9B7181D}.AppStore|Any CPU.Build.0 = Release|Any CPU
		{0DD03C43-2E5D-46D4-80A0-5021F9B7181D}.AppStore|iPhone.ActiveCfg = Debug|Any CPU
		{0DD03C43-2E5D-46D4-80A0-5021F9B7181D}.AppStore|iPhone.Build.0 = Debug|Any CPU
		{0DD03C43-2E5D-46D4-80A0-5021F9B7181D}.AppStore|iPhoneSimulator.ActiveCfg = Debug|Any CPU
		{0DD03C43-2E5D-46D4-80A0-5021F9B7181D}.AppStore|iPhoneSimulator.Build.0 = Debug|Any CPU
		{0DD03C43-2E5D-46D4-80A0-5021F9B7181D}.AppStore|Mixed Platforms.ActiveCfg = Release|Any CPU
		{0DD03C43-2E5D-46D4-80A0-5021F9B7181D}.AppStore|Mixed Platforms.Build.0 = Release|Any CPU
		{0DD03C43-2E5D-46D4-80A0-5021F9B7181D}.AppStore|x86.ActiveCfg = Release|Any CPU
		{0DD03C43-2E5D-46D4-80A0-5021F9B7181D}.Debug|Any CPU.ActiveCfg = Debug|Any CPU
		{0DD03C43-2E5D-46D4-80A0-5021F9B7181D}.Debug|Any CPU.Build.0 = Debug|Any CPU
		{0DD03C43-2E5D-46D4-80A0-5021F9B7181D}.Debug|iPhone.ActiveCfg = Debug|Any CPU
		{0DD03C43-2E5D-46D4-80A0-5021F9B7181D}.Debug|iPhone.Build.0 = Debug|Any CPU
		{0DD03C43-2E5D-46D4-80A0-5021F9B7181D}.Debug|iPhoneSimulator.ActiveCfg = Debug|Any CPU
		{0DD03C43-2E5D-46D4-80A0-5021F9B7181D}.Debug|iPhoneSimulator.Build.0 = Debug|Any CPU
		{0DD03C43-2E5D-46D4-80A0-5021F9B7181D}.Debug|Mixed Platforms.ActiveCfg = Debug|Any CPU
		{0DD03C43-2E5D-46D4-80A0-5021F9B7181D}.Debug|Mixed Platforms.Build.0 = Debug|Any CPU
		{0DD03C43-2E5D-46D4-80A0-5021F9B7181D}.Debug|x86.ActiveCfg = Debug|Any CPU
		{0DD03C43-2E5D-46D4-80A0-5021F9B7181D}.Release|Any CPU.ActiveCfg = Release|Any CPU
		{0DD03C43-2E5D-46D4-80A0-5021F9B7181D}.Release|Any CPU.Build.0 = Release|Any CPU
		{0DD03C43-2E5D-46D4-80A0-5021F9B7181D}.Release|iPhone.ActiveCfg = Release|Any CPU
		{0DD03C43-2E5D-46D4-80A0-5021F9B7181D}.Release|iPhone.Build.0 = Release|Any CPU
		{0DD03C43-2E5D-46D4-80A0-5021F9B7181D}.Release|iPhoneSimulator.ActiveCfg = Release|Any CPU
		{0DD03C43-2E5D-46D4-80A0-5021F9B7181D}.Release|iPhoneSimulator.Build.0 = Release|Any CPU
		{0DD03C43-2E5D-46D4-80A0-5021F9B7181D}.Release|Mixed Platforms.ActiveCfg = Release|Any CPU
		{0DD03C43-2E5D-46D4-80A0-5021F9B7181D}.Release|Mixed Platforms.Build.0 = Release|Any CPU
		{0DD03C43-2E5D-46D4-80A0-5021F9B7181D}.Release|x86.ActiveCfg = Release|Any CPU
		{CB63385F-42DB-4053-979B-C2E90D360F9F}.Ad-Hoc|Any CPU.ActiveCfg = Debug|Any CPU
		{CB63385F-42DB-4053-979B-C2E90D360F9F}.Ad-Hoc|Any CPU.Build.0 = Debug|Any CPU
		{CB63385F-42DB-4053-979B-C2E90D360F9F}.Ad-Hoc|iPhone.ActiveCfg = Debug|Any CPU
		{CB63385F-42DB-4053-979B-C2E90D360F9F}.Ad-Hoc|iPhone.Build.0 = Debug|Any CPU
		{CB63385F-42DB-4053-979B-C2E90D360F9F}.Ad-Hoc|iPhoneSimulator.ActiveCfg = Debug|Any CPU
		{CB63385F-42DB-4053-979B-C2E90D360F9F}.Ad-Hoc|iPhoneSimulator.Build.0 = Debug|Any CPU
		{CB63385F-42DB-4053-979B-C2E90D360F9F}.Ad-Hoc|Mixed Platforms.ActiveCfg = Debug|Any CPU
		{CB63385F-42DB-4053-979B-C2E90D360F9F}.Ad-Hoc|Mixed Platforms.Build.0 = Debug|Any CPU
		{CB63385F-42DB-4053-979B-C2E90D360F9F}.Ad-Hoc|x86.ActiveCfg = Debug|Any CPU
		{CB63385F-42DB-4053-979B-C2E90D360F9F}.Ad-Hoc|x86.Build.0 = Debug|Any CPU
		{CB63385F-42DB-4053-979B-C2E90D360F9F}.AppStore|Any CPU.ActiveCfg = Release|Any CPU
		{CB63385F-42DB-4053-979B-C2E90D360F9F}.AppStore|Any CPU.Build.0 = Release|Any CPU
		{CB63385F-42DB-4053-979B-C2E90D360F9F}.AppStore|iPhone.ActiveCfg = Debug|Any CPU
		{CB63385F-42DB-4053-979B-C2E90D360F9F}.AppStore|iPhone.Build.0 = Debug|Any CPU
		{CB63385F-42DB-4053-979B-C2E90D360F9F}.AppStore|iPhoneSimulator.ActiveCfg = Debug|Any CPU
		{CB63385F-42DB-4053-979B-C2E90D360F9F}.AppStore|iPhoneSimulator.Build.0 = Debug|Any CPU
		{CB63385F-42DB-4053-979B-C2E90D360F9F}.AppStore|Mixed Platforms.ActiveCfg = Release|Any CPU
		{CB63385F-42DB-4053-979B-C2E90D360F9F}.AppStore|Mixed Platforms.Build.0 = Release|Any CPU
		{CB63385F-42DB-4053-979B-C2E90D360F9F}.AppStore|x86.ActiveCfg = Release|Any CPU
		{CB63385F-42DB-4053-979B-C2E90D360F9F}.Debug|Any CPU.ActiveCfg = Debug|Any CPU
		{CB63385F-42DB-4053-979B-C2E90D360F9F}.Debug|Any CPU.Build.0 = Debug|Any CPU
		{CB63385F-42DB-4053-979B-C2E90D360F9F}.Debug|iPhone.ActiveCfg = Debug|Any CPU
		{CB63385F-42DB-4053-979B-C2E90D360F9F}.Debug|iPhone.Build.0 = Debug|Any CPU
		{CB63385F-42DB-4053-979B-C2E90D360F9F}.Debug|iPhoneSimulator.ActiveCfg = Debug|Any CPU
		{CB63385F-42DB-4053-979B-C2E90D360F9F}.Debug|iPhoneSimulator.Build.0 = Debug|Any CPU
		{CB63385F-42DB-4053-979B-C2E90D360F9F}.Debug|Mixed Platforms.ActiveCfg = Debug|Any CPU
		{CB63385F-42DB-4053-979B-C2E90D360F9F}.Debug|Mixed Platforms.Build.0 = Debug|Any CPU
		{CB63385F-42DB-4053-979B-C2E90D360F9F}.Debug|x86.ActiveCfg = Debug|Any CPU
		{CB63385F-42DB-4053-979B-C2E90D360F9F}.Release|Any CPU.ActiveCfg = Release|Any CPU
		{CB63385F-42DB-4053-979B-C2E90D360F9F}.Release|Any CPU.Build.0 = Release|Any CPU
		{CB63385F-42DB-4053-979B-C2E90D360F9F}.Release|iPhone.ActiveCfg = Release|Any CPU
		{CB63385F-42DB-4053-979B-C2E90D360F9F}.Release|iPhone.Build.0 = Release|Any CPU
		{CB63385F-42DB-4053-979B-C2E90D360F9F}.Release|iPhoneSimulator.ActiveCfg = Release|Any CPU
		{CB63385F-42DB-4053-979B-C2E90D360F9F}.Release|iPhoneSimulator.Build.0 = Release|Any CPU
		{CB63385F-42DB-4053-979B-C2E90D360F9F}.Release|Mixed Platforms.ActiveCfg = Release|Any CPU
		{CB63385F-42DB-4053-979B-C2E90D360F9F}.Release|Mixed Platforms.Build.0 = Release|Any CPU
		{CB63385F-42DB-4053-979B-C2E90D360F9F}.Release|x86.ActiveCfg = Release|Any CPU
	EndGlobalSection
	GlobalSection(SolutionProperties) = preSolution
		HideSolutionNode = FALSE
	EndGlobalSection
	GlobalSection(NestedProjects) = preSolution
		{CA42733C-7BCB-4BCD-B366-9E57CA6CB179} = {29FAFB2C-2AF8-4622-BBA9-54BA86EDDA46}
		{3593BC52-5AA6-4FC8-A3A5-D1DF5DF1E206} = {29FAFB2C-2AF8-4622-BBA9-54BA86EDDA46}
		{8DB2DF54-E13A-4979-B913-609771074693} = {286725FD-B135-4E98-9706-2E0AEA75D86E}
		{0BCC4ADE-9C14-41C8-B36D-2D467BDE2628} = {286725FD-B135-4E98-9706-2E0AEA75D86E}
		{C832A8D6-4A78-46B7-AEA4-27BFCD5F8272} = {286725FD-B135-4E98-9706-2E0AEA75D86E}
		{56D7E8DC-453F-4B11-A054-F02D238F560A} = {286725FD-B135-4E98-9706-2E0AEA75D86E}
		{0DD03C43-2E5D-46D4-80A0-5021F9B7181D} = {286725FD-B135-4E98-9706-2E0AEA75D86E}
		{CB63385F-42DB-4053-979B-C2E90D360F9F} = {286725FD-B135-4E98-9706-2E0AEA75D86E}
	EndGlobalSection
	GlobalSection(MonoDevelopProperties) = preSolution
		StartupItem = MHTemperature.Android\MHTemperature.Android.csproj
	EndGlobalSection
EndGlobal
