
Microsoft Visual Studio Solution File, Format Version 12.00
# Visual Studio 2013
VisualStudioVersion = 12.0.31101.0
MinimumVisualStudioVersion = 10.0.40219.1
Project("{FAE04EC0-301F-11D3-BF4B-00C04F79EFBC}") = "MHTemperature", "MHTemperature\MHTemperature.csproj", "{5A1AD107-5B17-443B-8EE9-7E646201A855}"
EndProject
Project("{FAE04EC0-301F-11D3-BF4B-00C04F79EFBC}") = "MHTemperature.ConsoleHost", "MHTemperature.Console\MHTemperature.ConsoleHost.csproj", "{CA42733C-7BCB-4BCD-B366-9E57CA6CB179}"
EndProject
Project("{FAE04EC0-301F-11D3-BF4B-00C04F79EFBC}") = "MHTemperature.Tests", "MHTemperature.Tests\MHTemperature.Tests.csproj", "{708336C8-A656-4512-A5F2-C3395FFE75C4}"
EndProject
Project("{FAE04EC0-301F-11D3-BF4B-00C04F79EFBC}") = "MHTemperature.MacAgent", "MHTemperature.MacAgent\MHTemperature.MacAgent.csproj", "{3593BC52-5AA6-4FC8-A3A5-D1DF5DF1E206}"
EndProject
Project("{FAE04EC0-301F-11D3-BF4B-00C04F79EFBC}") = "MHTemperature.Android", "MHTemperature.Android\MHTemperature.Android.csproj", "{96EFE7BB-6353-4938-91E9-3B3D1C35083A}"
EndProject
Project("{2150E333-8FDC-42A3-9474-1A3956D46DE8}") = "Dependencies", "Dependencies", "{286725FD-B135-4E98-9706-2E0AEA75D86E}"
EndProject
Project("{FAE04EC0-301F-11D3-BF4B-00C04F79EFBC}") = "Residata.Platform.Data", "..\residata-platform\Residata.Platform.Data\Residata.Platform.Data.csproj", "{8DB2DF54-E13A-4979-B913-609771074693}"
EndProject
Project("{FAE04EC0-301F-11D3-BF4B-00C04F79EFBC}") = "Residata.Platform.Contract", "..\residata-platform\Residata.Platform.Contract\Residata.Platform.Contract.csproj", "{0BCC4ADE-9C14-41C8-B36D-2D467BDE2628}"
EndProject
Project("{FAE04EC0-301F-11D3-BF4B-00C04F79EFBC}") = "Residata.Platform.Core", "..\residata-platform\Residata.Platform.Core\Residata.Platform.Core.csproj", "{C832A8D6-4A78-46B7-AEA4-27BFCD5F8272}"
EndProject
Project("{FAE04EC0-301F-11D3-BF4B-00C04F79EFBC}") = "Residata.Platform.Task", "..\residata-platform\Residata.Platform.Task\Residata.Platform.Task.csproj", "{56D7E8DC-453F-4B11-A054-F02D238F560A}"
EndProject
Project("{FAE04EC0-301F-11D3-BF4B-00C04F79EFBC}") = "MHTemperature.Service", "MHTemperature.Service\MHTemperature.Service.csproj", "{29B1C30D-1E08-4DB7-8511-DA2292CBBB9F}"
EndProject
Project("{FAE04EC0-301F-11D3-BF4B-00C04F79EFBC}") = "Residata.Platform.Server.Worker", "..\residata-platform\Residata.Platform.Server.Worker\Residata.Platform.Server.Worker.csproj", "{0DD03C43-2E5D-46D4-80A0-5021F9B7181D}"
EndProject
Project("{54435603-DBB4-11D2-8724-00A0C9A8B90C}") = "MHTemperature.Service.Installer", "MHTemperature.Service.Installer\MHTemperature.Service.Installer.vdproj", "{707C9B7C-3E1B-4AB4-8BCD-989C96D79169}"
EndProject
Project("{FAE04EC0-301F-11D3-BF4B-00C04F79EFBC}") = "MHTemperature.Service.Web", "MHTemperature.Service.Web\MHTemperature.Service.Web.csproj", "{EC598DD1-73A6-4D25-A631-922EA3D28217}"
EndProject
Project("{FAE04EC0-301F-11D3-BF4B-00C04F79EFBC}") = "Residata.Platform.Web", "..\residata-platform\Residata.Platform.Web\Residata.Platform.Web.csproj", "{CB63385F-42DB-4053-979B-C2E90D360F9F}"
EndProject
Project("{2150E333-8FDC-42A3-9474-1A3956D46DE8}") = "Apps", "Apps", "{29FAFB2C-2AF8-4622-BBA9-54BA86EDDA46}"
EndProject
Project("{54435603-DBB4-11D2-8724-00A0C9A8B90C}") = "MHTemperature.Service.Web.Installer", "MHTemperature.Service.Web.Installer\MHTemperature.Service.Web.Installer.vdproj", "{7D023D7A-21D1-4D69-96DC-697A46A5C856}"
EndProject
Global
	GlobalSection(SolutionConfigurationPlatforms) = preSolution
		AppStore|Any CPU = AppStore|Any CPU
		AppStore|Mixed Platforms = AppStore|Mixed Platforms
		AppStore|x86 = AppStore|x86
		Debug|Any CPU = Debug|Any CPU
		Debug|Mixed Platforms = Debug|Mixed Platforms
		Debug|x86 = Debug|x86
		Release|Any CPU = Release|Any CPU
		Release|Mixed Platforms = Release|Mixed Platforms
		Release|x86 = Release|x86
	EndGlobalSection
	GlobalSection(ProjectConfigurationPlatforms) = postSolution
		{5A1AD107-5B17-443B-8EE9-7E646201A855}.AppStore|Any CPU.ActiveCfg = Debug|x86
		{5A1AD107-5B17-443B-8EE9-7E646201A855}.AppStore|Any CPU.Build.0 = Debug|x86
		{5A1AD107-5B17-443B-8EE9-7E646201A855}.AppStore|Mixed Platforms.ActiveCfg = Release|x86
		{5A1AD107-5B17-443B-8EE9-7E646201A855}.AppStore|Mixed Platforms.Build.0 = Release|x86
		{5A1AD107-5B17-443B-8EE9-7E646201A855}.AppStore|x86.ActiveCfg = Release|x86
		{5A1AD107-5B17-443B-8EE9-7E646201A855}.AppStore|x86.Build.0 = Release|x86
		{5A1AD107-5B17-443B-8EE9-7E646201A855}.Debug|Any CPU.ActiveCfg = Debug|x86
		{5A1AD107-5B17-443B-8EE9-7E646201A855}.Debug|Any CPU.Build.0 = Debug|x86
		{5A1AD107-5B17-443B-8EE9-7E646201A855}.Debug|Mixed Platforms.ActiveCfg = Debug|Any CPU
		{5A1AD107-5B17-443B-8EE9-7E646201A855}.Debug|Mixed Platforms.Build.0 = Debug|Any CPU
		{5A1AD107-5B17-443B-8EE9-7E646201A855}.Debug|x86.ActiveCfg = Debug|x86
		{5A1AD107-5B17-443B-8EE9-7E646201A855}.Debug|x86.Build.0 = Debug|x86
		{5A1AD107-5B17-443B-8EE9-7E646201A855}.Release|Any CPU.ActiveCfg = Release|x86
		{5A1AD107-5B17-443B-8EE9-7E646201A855}.Release|Mixed Platforms.ActiveCfg = Release|x86
		{5A1AD107-5B17-443B-8EE9-7E646201A855}.Release|Mixed Platforms.Build.0 = Release|x86
		{5A1AD107-5B17-443B-8EE9-7E646201A855}.Release|x86.ActiveCfg = Release|x86
		{5A1AD107-5B17-443B-8EE9-7E646201A855}.Release|x86.Build.0 = Release|x86
		{CA42733C-7BCB-4BCD-B366-9E57CA6CB179}.AppStore|Any CPU.ActiveCfg = Debug|x86
		{CA42733C-7BCB-4BCD-B366-9E57CA6CB179}.AppStore|Any CPU.Build.0 = Debug|x86
		{CA42733C-7BCB-4BCD-B366-9E57CA6CB179}.AppStore|Mixed Platforms.ActiveCfg = Release|x86
		{CA42733C-7BCB-4BCD-B366-9E57CA6CB179}.AppStore|Mixed Platforms.Build.0 = Release|x86
		{CA42733C-7BCB-4BCD-B366-9E57CA6CB179}.AppStore|x86.ActiveCfg = Release|x86
		{CA42733C-7BCB-4BCD-B366-9E57CA6CB179}.AppStore|x86.Build.0 = Release|x86
		{CA42733C-7BCB-4BCD-B366-9E57CA6CB179}.Debug|Any CPU.ActiveCfg = Debug|x86
		{CA42733C-7BCB-4BCD-B366-9E57CA6CB179}.Debug|Any CPU.Build.0 = Debug|x86
		{CA42733C-7BCB-4BCD-B366-9E57CA6CB179}.Debug|Mixed Platforms.ActiveCfg = Debug|Any CPU
		{CA42733C-7BCB-4BCD-B366-9E57CA6CB179}.Debug|Mixed Platforms.Build.0 = Debug|Any CPU
		{CA42733C-7BCB-4BCD-B366-9E57CA6CB179}.Debug|x86.ActiveCfg = Debug|x86
		{CA42733C-7BCB-4BCD-B366-9E57CA6CB179}.Debug|x86.Build.0 = Debug|x86
		{CA42733C-7BCB-4BCD-B366-9E57CA6CB179}.Release|Any CPU.ActiveCfg = Release|x86
		{CA42733C-7BCB-4BCD-B366-9E57CA6CB179}.Release|Mixed Platforms.ActiveCfg = Release|x86
		{CA42733C-7BCB-4BCD-B366-9E57CA6CB179}.Release|Mixed Platforms.Build.0 = Release|x86
		{CA42733C-7BCB-4BCD-B366-9E57CA6CB179}.Release|x86.ActiveCfg = Release|x86
		{CA42733C-7BCB-4BCD-B366-9E57CA6CB179}.Release|x86.Build.0 = Release|x86
		{708336C8-A656-4512-A5F2-C3395FFE75C4}.AppStore|Any CPU.ActiveCfg = Debug|Any CPU
		{708336C8-A656-4512-A5F2-C3395FFE75C4}.AppStore|Any CPU.Build.0 = Debug|Any CPU
		{708336C8-A656-4512-A5F2-C3395FFE75C4}.AppStore|Mixed Platforms.ActiveCfg = Release|Any CPU
		{708336C8-A656-4512-A5F2-C3395FFE75C4}.AppStore|Mixed Platforms.Build.0 = Release|Any CPU
		{708336C8-A656-4512-A5F2-C3395FFE75C4}.AppStore|x86.ActiveCfg = Release|Any CPU
		{708336C8-A656-4512-A5F2-C3395FFE75C4}.Debug|Any CPU.ActiveCfg = Debug|Any CPU
		{708336C8-A656-4512-A5F2-C3395FFE75C4}.Debug|Any CPU.Build.0 = Debug|Any CPU
		{708336C8-A656-4512-A5F2-C3395FFE75C4}.Debug|Mixed Platforms.ActiveCfg = Debug|Any CPU
		{708336C8-A656-4512-A5F2-C3395FFE75C4}.Debug|Mixed Platforms.Build.0 = Debug|Any CPU
		{708336C8-A656-4512-A5F2-C3395FFE75C4}.Debug|x86.ActiveCfg = Debug|Any CPU
		{708336C8-A656-4512-A5F2-C3395FFE75C4}.Debug|x86.Build.0 = Debug|Any CPU
		{708336C8-A656-4512-A5F2-C3395FFE75C4}.Release|Any CPU.ActiveCfg = Release|Any CPU
		{708336C8-A656-4512-A5F2-C3395FFE75C4}.Release|Any CPU.Build.0 = Release|Any CPU
		{708336C8-A656-4512-A5F2-C3395FFE75C4}.Release|Mixed Platforms.ActiveCfg = Release|Any CPU
		{708336C8-A656-4512-A5F2-C3395FFE75C4}.Release|Mixed Platforms.Build.0 = Release|Any CPU
		{708336C8-A656-4512-A5F2-C3395FFE75C4}.Release|x86.ActiveCfg = Release|Any CPU
		{708336C8-A656-4512-A5F2-C3395FFE75C4}.Release|x86.Build.0 = Release|Any CPU
		{3593BC52-5AA6-4FC8-A3A5-D1DF5DF1E206}.AppStore|Any CPU.ActiveCfg = AppStore|Any CPU
		{3593BC52-5AA6-4FC8-A3A5-D1DF5DF1E206}.AppStore|Any CPU.Build.0 = AppStore|Any CPU
		{3593BC52-5AA6-4FC8-A3A5-D1DF5DF1E206}.AppStore|Mixed Platforms.ActiveCfg = AppStore|Any CPU
		{3593BC52-5AA6-4FC8-A3A5-D1DF5DF1E206}.AppStore|x86.ActiveCfg = AppStore|Any CPU
		{3593BC52-5AA6-4FC8-A3A5-D1DF5DF1E206}.Debug|Any CPU.ActiveCfg = Debug|Any CPU
		{3593BC52-5AA6-4FC8-A3A5-D1DF5DF1E206}.Debug|Mixed Platforms.ActiveCfg = Debug|Any CPU
		{3593BC52-5AA6-4FC8-A3A5-D1DF5DF1E206}.Debug|x86.ActiveCfg = Debug|Any CPU
		{3593BC52-5AA6-4FC8-A3A5-D1DF5DF1E206}.Debug|x86.Build.0 = Debug|Any CPU
		{3593BC52-5AA6-4FC8-A3A5-D1DF5DF1E206}.Release|Any CPU.ActiveCfg = Release|Any CPU
		{3593BC52-5AA6-4FC8-A3A5-D1DF5DF1E206}.Release|Mixed Platforms.ActiveCfg = Release|Any CPU
		{3593BC52-5AA6-4FC8-A3A5-D1DF5DF1E206}.Release|x86.ActiveCfg = Release|Any CPU
		{3593BC52-5AA6-4FC8-A3A5-D1DF5DF1E206}.Release|x86.Build.0 = Release|Any CPU
		{96EFE7BB-6353-4938-91E9-3B3D1C35083A}.AppStore|Any CPU.ActiveCfg = Release|Any CPU
		{96EFE7BB-6353-4938-91E9-3B3D1C35083A}.AppStore|Any CPU.Build.0 = Release|Any CPU
		{96EFE7BB-6353-4938-91E9-3B3D1C35083A}.AppStore|Mixed Platforms.ActiveCfg = Debug|Any CPU
		{96EFE7BB-6353-4938-91E9-3B3D1C35083A}.AppStore|x86.ActiveCfg = Debug|Any CPU
		{96EFE7BB-6353-4938-91E9-3B3D1C35083A}.Debug|Any CPU.ActiveCfg = Debug|Any CPU
		{96EFE7BB-6353-4938-91E9-3B3D1C35083A}.Debug|Mixed Platforms.ActiveCfg = Debug|Any CPU
		{96EFE7BB-6353-4938-91E9-3B3D1C35083A}.Debug|x86.ActiveCfg = Debug|Any CPU
		{96EFE7BB-6353-4938-91E9-3B3D1C35083A}.Debug|x86.Build.0 = Debug|Any CPU
		{96EFE7BB-6353-4938-91E9-3B3D1C35083A}.Release|Any CPU.ActiveCfg = Release|Any CPU
		{96EFE7BB-6353-4938-91E9-3B3D1C35083A}.Release|Mixed Platforms.ActiveCfg = Release|Any CPU
		{96EFE7BB-6353-4938-91E9-3B3D1C35083A}.Release|x86.ActiveCfg = Release|Any CPU
		{96EFE7BB-6353-4938-91E9-3B3D1C35083A}.Release|x86.Build.0 = Release|Any CPU
		{8DB2DF54-E13A-4979-B913-609771074693}.AppStore|Any CPU.ActiveCfg = Release|Any CPU
		{8DB2DF54-E13A-4979-B913-609771074693}.AppStore|Any CPU.Build.0 = Release|Any CPU
		{8DB2DF54-E13A-4979-B913-609771074693}.AppStore|Mixed Platforms.ActiveCfg = Release|Any CPU
		{8DB2DF54-E13A-4979-B913-609771074693}.AppStore|Mixed Platforms.Build.0 = Release|Any CPU
		{8DB2DF54-E13A-4979-B913-609771074693}.AppStore|x86.ActiveCfg = Release|Any CPU
		{8DB2DF54-E13A-4979-B913-609771074693}.Debug|Any CPU.ActiveCfg = Debug|Any CPU
		{8DB2DF54-E13A-4979-B913-609771074693}.Debug|Any CPU.Build.0 = Debug|Any CPU
		{8DB2DF54-E13A-4979-B913-609771074693}.Debug|Mixed Platforms.ActiveCfg = Debug|Any CPU
		{8DB2DF54-E13A-4979-B913-609771074693}.Debug|Mixed Platforms.Build.0 = Debug|Any CPU
		{8DB2DF54-E13A-4979-B913-609771074693}.Debug|x86.ActiveCfg = Debug|Any CPU
		{8DB2DF54-E13A-4979-B913-609771074693}.Release|Any CPU.ActiveCfg = Release|Any CPU
		{8DB2DF54-E13A-4979-B913-609771074693}.Release|Any CPU.Build.0 = Release|Any CPU
		{8DB2DF54-E13A-4979-B913-609771074693}.Release|Mixed Platforms.ActiveCfg = Release|Any CPU
		{8DB2DF54-E13A-4979-B913-609771074693}.Release|Mixed Platforms.Build.0 = Release|Any CPU
		{8DB2DF54-E13A-4979-B913-609771074693}.Release|x86.ActiveCfg = Release|Any CPU
		{0BCC4ADE-9C14-41C8-B36D-2D467BDE2628}.AppStore|Any CPU.ActiveCfg = Release|Any CPU
		{0BCC4ADE-9C14-41C8-B36D-2D467BDE2628}.AppStore|Any CPU.Build.0 = Release|Any CPU
		{0BCC4ADE-9C14-41C8-B36D-2D467BDE2628}.AppStore|Mixed Platforms.ActiveCfg = Release|Any CPU
		{0BCC4ADE-9C14-41C8-B36D-2D467BDE2628}.AppStore|Mixed Platforms.Build.0 = Release|Any CPU
		{0BCC4ADE-9C14-41C8-B36D-2D467BDE2628}.AppStore|x86.ActiveCfg = Release|Any CPU
		{0BCC4ADE-9C14-41C8-B36D-2D467BDE2628}.Debug|Any CPU.ActiveCfg = Debug|Any CPU
		{0BCC4ADE-9C14-41C8-B36D-2D467BDE2628}.Debug|Any CPU.Build.0 = Debug|Any CPU
		{0BCC4ADE-9C14-41C8-B36D-2D467BDE2628}.Debug|Mixed Platforms.ActiveCfg = Debug|Any CPU
		{0BCC4ADE-9C14-41C8-B36D-2D467BDE2628}.Debug|Mixed Platforms.Build.0 = Debug|Any CPU
		{0BCC4ADE-9C14-41C8-B36D-2D467BDE2628}.Debug|x86.ActiveCfg = Debug|Any CPU
		{0BCC4ADE-9C14-41C8-B36D-2D467BDE2628}.Release|Any CPU.ActiveCfg = Release|Any CPU
		{0BCC4ADE-9C14-41C8-B36D-2D467BDE2628}.Release|Any CPU.Build.0 = Release|Any CPU
		{0BCC4ADE-9C14-41C8-B36D-2D467BDE2628}.Release|Mixed Platforms.ActiveCfg = Release|Any CPU
		{0BCC4ADE-9C14-41C8-B36D-2D467BDE2628}.Release|Mixed Platforms.Build.0 = Release|Any CPU
		{0BCC4ADE-9C14-41C8-B36D-2D467BDE2628}.Release|x86.ActiveCfg = Release|Any CPU
		{C832A8D6-4A78-46B7-AEA4-27BFCD5F8272}.AppStore|Any CPU.ActiveCfg = Release|Any CPU
		{C832A8D6-4A78-46B7-AEA4-27BFCD5F8272}.AppStore|Any CPU.Build.0 = Release|Any CPU
		{C832A8D6-4A78-46B7-AEA4-27BFCD5F8272}.AppStore|Mixed Platforms.ActiveCfg = Release|Any CPU
		{C832A8D6-4A78-46B7-AEA4-27BFCD5F8272}.AppStore|Mixed Platforms.Build.0 = Release|Any CPU
		{C832A8D6-4A78-46B7-AEA4-27BFCD5F8272}.AppStore|x86.ActiveCfg = Release|Any CPU
		{C832A8D6-4A78-46B7-AEA4-27BFCD5F8272}.Debug|Any CPU.ActiveCfg = Debug|Any CPU
		{C832A8D6-4A78-46B7-AEA4-27BFCD5F8272}.Debug|Any CPU.Build.0 = Debug|Any CPU
		{C832A8D6-4A78-46B7-AEA4-27BFCD5F8272}.Debug|Mixed Platforms.ActiveCfg = Debug|Any CPU
		{C832A8D6-4A78-46B7-AEA4-27BFCD5F8272}.Debug|Mixed Platforms.Build.0 = Debug|Any CPU
		{C832A8D6-4A78-46B7-AEA4-27BFCD5F8272}.Debug|x86.ActiveCfg = Debug|Any CPU
		{C832A8D6-4A78-46B7-AEA4-27BFCD5F8272}.Release|Any CPU.ActiveCfg = Release|Any CPU
		{C832A8D6-4A78-46B7-AEA4-27BFCD5F8272}.Release|Any CPU.Build.0 = Release|Any CPU
		{C832A8D6-4A78-46B7-AEA4-27BFCD5F8272}.Release|Mixed Platforms.ActiveCfg = Release|Any CPU
		{C832A8D6-4A78-46B7-AEA4-27BFCD5F8272}.Release|Mixed Platforms.Build.0 = Release|Any CPU
		{C832A8D6-4A78-46B7-AEA4-27BFCD5F8272}.Release|x86.ActiveCfg = Release|Any CPU
		{56D7E8DC-453F-4B11-A054-F02D238F560A}.AppStore|Any CPU.ActiveCfg = Release|Any CPU
		{56D7E8DC-453F-4B11-A054-F02D238F560A}.AppStore|Any CPU.Build.0 = Release|Any CPU
		{56D7E8DC-453F-4B11-A054-F02D238F560A}.AppStore|Mixed Platforms.ActiveCfg = Release|Any CPU
		{56D7E8DC-453F-4B11-A054-F02D238F560A}.AppStore|Mixed Platforms.Build.0 = Release|Any CPU
		{56D7E8DC-453F-4B11-A054-F02D238F560A}.AppStore|x86.ActiveCfg = Release|Any CPU
		{56D7E8DC-453F-4B11-A054-F02D238F560A}.Debug|Any CPU.ActiveCfg = Debug|Any CPU
		{56D7E8DC-453F-4B11-A054-F02D238F560A}.Debug|Any CPU.Build.0 = Debug|Any CPU
		{56D7E8DC-453F-4B11-A054-F02D238F560A}.Debug|Mixed Platforms.ActiveCfg = Debug|Any CPU
		{56D7E8DC-453F-4B11-A054-F02D238F560A}.Debug|Mixed Platforms.Build.0 = Debug|Any CPU
		{56D7E8DC-453F-4B11-A054-F02D238F560A}.Debug|x86.ActiveCfg = Debug|Any CPU
		{56D7E8DC-453F-4B11-A054-F02D238F560A}.Release|Any CPU.ActiveCfg = Release|Any CPU
		{56D7E8DC-453F-4B11-A054-F02D238F560A}.Release|Any CPU.Build.0 = Release|Any CPU
		{56D7E8DC-453F-4B11-A054-F02D238F560A}.Release|Mixed Platforms.ActiveCfg = Release|Any CPU
		{56D7E8DC-453F-4B11-A054-F02D238F560A}.Release|Mixed Platforms.Build.0 = Release|Any CPU
		{56D7E8DC-453F-4B11-A054-F02D238F560A}.Release|x86.ActiveCfg = Release|Any CPU
		{29B1C30D-1E08-4DB7-8511-DA2292CBBB9F}.AppStore|Any CPU.ActiveCfg = Release|Any CPU
		{29B1C30D-1E08-4DB7-8511-DA2292CBBB9F}.AppStore|Any CPU.Build.0 = Release|Any CPU
		{29B1C30D-1E08-4DB7-8511-DA2292CBBB9F}.AppStore|Mixed Platforms.ActiveCfg = Release|Any CPU
		{29B1C30D-1E08-4DB7-8511-DA2292CBBB9F}.AppStore|Mixed Platforms.Build.0 = Release|Any CPU
		{29B1C30D-1E08-4DB7-8511-DA2292CBBB9F}.AppStore|x86.ActiveCfg = Release|Any CPU
		{29B1C30D-1E08-4DB7-8511-DA2292CBBB9F}.Debug|Any CPU.ActiveCfg = Debug|Any CPU
		{29B1C30D-1E08-4DB7-8511-DA2292CBBB9F}.Debug|Any CPU.Build.0 = Debug|Any CPU
		{29B1C30D-1E08-4DB7-8511-DA2292CBBB9F}.Debug|Mixed Platforms.ActiveCfg = Debug|Any CPU
		{29B1C30D-1E08-4DB7-8511-DA2292CBBB9F}.Debug|Mixed Platforms.Build.0 = Debug|Any CPU
		{29B1C30D-1E08-4DB7-8511-DA2292CBBB9F}.Debug|x86.ActiveCfg = Debug|Any CPU
		{29B1C30D-1E08-4DB7-8511-DA2292CBBB9F}.Release|Any CPU.ActiveCfg = Release|Any CPU
		{29B1C30D-1E08-4DB7-8511-DA2292CBBB9F}.Release|Any CPU.Build.0 = Release|Any CPU
		{29B1C30D-1E08-4DB7-8511-DA2292CBBB9F}.Release|Mixed Platforms.ActiveCfg = Release|Any CPU
		{29B1C30D-1E08-4DB7-8511-DA2292CBBB9F}.Release|Mixed Platforms.Build.0 = Release|Any CPU
		{29B1C30D-1E08-4DB7-8511-DA2292CBBB9F}.Release|x86.ActiveCfg = Release|Any CPU
		{0DD03C43-2E5D-46D4-80A0-5021F9B7181D}.AppStore|Any CPU.ActiveCfg = Release|Any CPU
		{0DD03C43-2E5D-46D4-80A0-5021F9B7181D}.AppStore|Any CPU.Build.0 = Release|Any CPU
		{0DD03C43-2E5D-46D4-80A0-5021F9B7181D}.AppStore|Mixed Platforms.ActiveCfg = Release|Any CPU
		{0DD03C43-2E5D-46D4-80A0-5021F9B7181D}.AppStore|Mixed Platforms.Build.0 = Release|Any CPU
		{0DD03C43-2E5D-46D4-80A0-5021F9B7181D}.AppStore|x86.ActiveCfg = Release|Any CPU
		{0DD03C43-2E5D-46D4-80A0-5021F9B7181D}.Debug|Any CPU.ActiveCfg = Debug|Any CPU
		{0DD03C43-2E5D-46D4-80A0-5021F9B7181D}.Debug|Any CPU.Build.0 = Debug|Any CPU
		{0DD03C43-2E5D-46D4-80A0-5021F9B7181D}.Debug|Mixed Platforms.ActiveCfg = Debug|Any CPU
		{0DD03C43-2E5D-46D4-80A0-5021F9B7181D}.Debug|Mixed Platforms.Build.0 = Debug|Any CPU
		{0DD03C43-2E5D-46D4-80A0-5021F9B7181D}.Debug|x86.ActiveCfg = Debug|Any CPU
		{0DD03C43-2E5D-46D4-80A0-5021F9B7181D}.Release|Any CPU.ActiveCfg = Release|Any CPU
		{0DD03C43-2E5D-46D4-80A0-5021F9B7181D}.Release|Any CPU.Build.0 = Release|Any CPU
		{0DD03C43-2E5D-46D4-80A0-5021F9B7181D}.Release|Mixed Platforms.ActiveCfg = Release|Any CPU
		{0DD03C43-2E5D-46D4-80A0-5021F9B7181D}.Release|Mixed Platforms.Build.0 = Release|Any CPU
		{0DD03C43-2E5D-46D4-80A0-5021F9B7181D}.Release|x86.ActiveCfg = Release|Any CPU
		{707C9B7C-3E1B-4AB4-8BCD-989C96D79169}.AppStore|Any CPU.ActiveCfg = Release
		{707C9B7C-3E1B-4AB4-8BCD-989C96D79169}.AppStore|Mixed Platforms.ActiveCfg = Release
		{707C9B7C-3E1B-4AB4-8BCD-989C96D79169}.AppStore|x86.ActiveCfg = Release
		{707C9B7C-3E1B-4AB4-8BCD-989C96D79169}.Debug|Any CPU.ActiveCfg = Debug
		{707C9B7C-3E1B-4AB4-8BCD-989C96D79169}.Debug|Mixed Platforms.ActiveCfg = Debug
		{707C9B7C-3E1B-4AB4-8BCD-989C96D79169}.Debug|x86.ActiveCfg = Debug
		{707C9B7C-3E1B-4AB4-8BCD-989C96D79169}.Release|Any CPU.ActiveCfg = Release
		{707C9B7C-3E1B-4AB4-8BCD-989C96D79169}.Release|Mixed Platforms.ActiveCfg = Release
		{707C9B7C-3E1B-4AB4-8BCD-989C96D79169}.Release|x86.ActiveCfg = Release
		{EC598DD1-73A6-4D25-A631-922EA3D28217}.AppStore|Any CPU.ActiveCfg = Release|Any CPU
		{EC598DD1-73A6-4D25-A631-922EA3D28217}.AppStore|Any CPU.Build.0 = Release|Any CPU
		{EC598DD1-73A6-4D25-A631-922EA3D28217}.AppStore|Mixed Platforms.ActiveCfg = Release|Any CPU
		{EC598DD1-73A6-4D25-A631-922EA3D28217}.AppStore|Mixed Platforms.Build.0 = Release|Any CPU
		{EC598DD1-73A6-4D25-A631-922EA3D28217}.AppStore|x86.ActiveCfg = Release|Any CPU
		{EC598DD1-73A6-4D25-A631-922EA3D28217}.Debug|Any CPU.ActiveCfg = Debug|Any CPU
		{EC598DD1-73A6-4D25-A631-922EA3D28217}.Debug|Any CPU.Build.0 = Debug|Any CPU
		{EC598DD1-73A6-4D25-A631-922EA3D28217}.Debug|Mixed Platforms.ActiveCfg = Debug|Any CPU
		{EC598DD1-73A6-4D25-A631-922EA3D28217}.Debug|Mixed Platforms.Build.0 = Debug|Any CPU
		{EC598DD1-73A6-4D25-A631-922EA3D28217}.Debug|x86.ActiveCfg = Debug|Any CPU
		{EC598DD1-73A6-4D25-A631-922EA3D28217}.Release|Any CPU.ActiveCfg = Release|Any CPU
		{EC598DD1-73A6-4D25-A631-922EA3D28217}.Release|Any CPU.Build.0 = Release|Any CPU
		{EC598DD1-73A6-4D25-A631-922EA3D28217}.Release|Mixed Platforms.ActiveCfg = Release|Any CPU
		{EC598DD1-73A6-4D25-A631-922EA3D28217}.Release|Mixed Platforms.Build.0 = Release|Any CPU
		{EC598DD1-73A6-4D25-A631-922EA3D28217}.Release|x86.ActiveCfg = Release|Any CPU
		{CB63385F-42DB-4053-979B-C2E90D360F9F}.AppStore|Any CPU.ActiveCfg = Release|Any CPU
		{CB63385F-42DB-4053-979B-C2E90D360F9F}.AppStore|Any CPU.Build.0 = Release|Any CPU
		{CB63385F-42DB-4053-979B-C2E90D360F9F}.AppStore|Mixed Platforms.ActiveCfg = Release|Any CPU
		{CB63385F-42DB-4053-979B-C2E90D360F9F}.AppStore|Mixed Platforms.Build.0 = Release|Any CPU
		{CB63385F-42DB-4053-979B-C2E90D360F9F}.AppStore|x86.ActiveCfg = Release|Any CPU
		{CB63385F-42DB-4053-979B-C2E90D360F9F}.Debug|Any CPU.ActiveCfg = Debug|Any CPU
		{CB63385F-42DB-4053-979B-C2E90D360F9F}.Debug|Any CPU.Build.0 = Debug|Any CPU
		{CB63385F-42DB-4053-979B-C2E90D360F9F}.Debug|Mixed Platforms.ActiveCfg = Debug|Any CPU
		{CB63385F-42DB-4053-979B-C2E90D360F9F}.Debug|Mixed Platforms.Build.0 = Debug|Any CPU
		{CB63385F-42DB-4053-979B-C2E90D360F9F}.Debug|x86.ActiveCfg = Debug|Any CPU
		{CB63385F-42DB-4053-979B-C2E90D360F9F}.Release|Any CPU.ActiveCfg = Release|Any CPU
		{CB63385F-42DB-4053-979B-C2E90D360F9F}.Release|Any CPU.Build.0 = Release|Any CPU
		{CB63385F-42DB-4053-979B-C2E90D360F9F}.Release|Mixed Platforms.ActiveCfg = Release|Any CPU
		{CB63385F-42DB-4053-979B-C2E90D360F9F}.Release|Mixed Platforms.Build.0 = Release|Any CPU
		{CB63385F-42DB-4053-979B-C2E90D360F9F}.Release|x86.ActiveCfg = Release|Any CPU
		{7D023D7A-21D1-4D69-96DC-697A46A5C856}.AppStore|Any CPU.ActiveCfg = Release
		{7D023D7A-21D1-4D69-96DC-697A46A5C856}.AppStore|Mixed Platforms.ActiveCfg = Release
		{7D023D7A-21D1-4D69-96DC-697A46A5C856}.AppStore|x86.ActiveCfg = Release
		{7D023D7A-21D1-4D69-96DC-697A46A5C856}.Debug|Any CPU.ActiveCfg = Debug
		{7D023D7A-21D1-4D69-96DC-697A46A5C856}.Debug|Mixed Platforms.ActiveCfg = Debug
		{7D023D7A-21D1-4D69-96DC-697A46A5C856}.Debug|x86.ActiveCfg = Debug
		{7D023D7A-21D1-4D69-96DC-697A46A5C856}.Release|Any CPU.ActiveCfg = Release
		{7D023D7A-21D1-4D69-96DC-697A46A5C856}.Release|Mixed Platforms.ActiveCfg = Release
		{7D023D7A-21D1-4D69-96DC-697A46A5C856}.Release|x86.ActiveCfg = Release
	EndGlobalSection
	GlobalSection(SolutionProperties) = preSolution
		HideSolutionNode = FALSE
	EndGlobalSection
	GlobalSection(NestedProjects) = preSolution
		{CA42733C-7BCB-4BCD-B366-9E57CA6CB179} = {29FAFB2C-2AF8-4622-BBA9-54BA86EDDA46}
		{3593BC52-5AA6-4FC8-A3A5-D1DF5DF1E206} = {29FAFB2C-2AF8-4622-BBA9-54BA86EDDA46}
		{96EFE7BB-6353-4938-91E9-3B3D1C35083A} = {29FAFB2C-2AF8-4622-BBA9-54BA86EDDA46}
		{8DB2DF54-E13A-4979-B913-609771074693} = {286725FD-B135-4E98-9706-2E0AEA75D86E}
		{0BCC4ADE-9C14-41C8-B36D-2D467BDE2628} = {286725FD-B135-4E98-9706-2E0AEA75D86E}
		{C832A8D6-4A78-46B7-AEA4-27BFCD5F8272} = {286725FD-B135-4E98-9706-2E0AEA75D86E}
		{56D7E8DC-453F-4B11-A054-F02D238F560A} = {286725FD-B135-4E98-9706-2E0AEA75D86E}
		{0DD03C43-2E5D-46D4-80A0-5021F9B7181D} = {286725FD-B135-4E98-9706-2E0AEA75D86E}
		{CB63385F-42DB-4053-979B-C2E90D360F9F} = {286725FD-B135-4E98-9706-2E0AEA75D86E}
	EndGlobalSection
	GlobalSection(MonoDevelopProperties) = preSolution
		StartupItem = MHTemperature.Android\MHTemperature.Android.csproj
	EndGlobalSection
EndGlobal
